
Microsoft Visual Studio Solution File, Format Version 12.00
# Visual Studio 2013
VisualStudioVersion = 12.0.21005.1
MinimumVisualStudioVersion = 10.0.40219.1
Project("{2150E333-8FDC-42A3-9474-1A3956D46DE8}") = ".tests", ".tests", "{B721F577-C2A4-4A2E-8B2B-1155B241FBF5}"
EndProject
Project("{FAE04EC0-301F-11D3-BF4B-00C04F79EFBC}") = "Api.Unit.Tests", "Api\Api.Unit.Tests\Api.Unit.Tests.csproj", "{31BCF2FE-006D-4F35-B697-2A538C9BA0D3}"
EndProject
Project("{FAE04EC0-301F-11D3-BF4B-00C04F79EFBC}") = "Api", "Api\Api\Api.csproj", "{B4F9C525-5C56-440E-B4C2-972A33D7C8CD}"
EndProject
Global
	GlobalSection(SolutionConfigurationPlatforms) = preSolution
		Debug|Any CPU = Debug|Any CPU
		Dev|Any CPU = Dev|Any CPU
		Release|Any CPU = Release|Any CPU
	EndGlobalSection
	GlobalSection(ProjectConfigurationPlatforms) = postSolution
		{31BCF2FE-006D-4F35-B697-2A538C9BA0D3}.Debug|Any CPU.ActiveCfg = Debug|Any CPU
		{31BCF2FE-006D-4F35-B697-2A538C9BA0D3}.Debug|Any CPU.Build.0 = Debug|Any CPU
		{31BCF2FE-006D-4F35-B697-2A538C9BA0D3}.Dev|Any CPU.ActiveCfg = Dev|Any CPU
		{31BCF2FE-006D-4F35-B697-2A538C9BA0D3}.Dev|Any CPU.Build.0 = Dev|Any CPU
		{31BCF2FE-006D-4F35-B697-2A538C9BA0D3}.Release|Any CPU.ActiveCfg = Release|Any CPU
		{31BCF2FE-006D-4F35-B697-2A538C9BA0D3}.Release|Any CPU.Build.0 = Release|Any CPU
		{B4F9C525-5C56-440E-B4C2-972A33D7C8CD}.Debug|Any CPU.ActiveCfg = Debug|Any CPU
		{B4F9C525-5C56-440E-B4C2-972A33D7C8CD}.Debug|Any CPU.Build.0 = Debug|Any CPU
		{B4F9C525-5C56-440E-B4C2-972A33D7C8CD}.Dev|Any CPU.ActiveCfg = Dev|Any CPU
		{B4F9C525-5C56-440E-B4C2-972A33D7C8CD}.Dev|Any CPU.Build.0 = Dev|Any CPU
		{B4F9C525-5C56-440E-B4C2-972A33D7C8CD}.Release|Any CPU.ActiveCfg = Release|Any CPU
		{B4F9C525-5C56-440E-B4C2-972A33D7C8CD}.Release|Any CPU.Build.0 = Release|Any CPU
	EndGlobalSection
	GlobalSection(SolutionProperties) = preSolution
		HideSolutionNode = FALSE
	EndGlobalSection
	GlobalSection(NestedProjects) = preSolution
		{31BCF2FE-006D-4F35-B697-2A538C9BA0D3} = {B721F577-C2A4-4A2E-8B2B-1155B241FBF5}
	EndGlobalSection
EndGlobal
