
Microsoft Visual Studio Solution File, Format Version 12.00
# Visual Studio 2013
VisualStudioVersion = 12.0.31101.0
MinimumVisualStudioVersion = 10.0.40219.1
Project("{2150E333-8FDC-42A3-9474-1A3956D46DE8}") = ".tests", ".tests", "{B721F577-C2A4-4A2E-8B2B-1155B241FBF5}"
EndProject
Project("{FAE04EC0-301F-11D3-BF4B-00C04F79EFBC}") = "Api.Unit.Tests", "Api\Api.Unit.Tests\Api.Unit.Tests.csproj", "{31BCF2FE-006D-4F35-B697-2A538C9BA0D3}"
EndProject
Project("{FAE04EC0-301F-11D3-BF4B-00C04F79EFBC}") = "Api", "Api\Api\Api.csproj", "{B4F9C525-5C56-440E-B4C2-972A33D7C8CD}"
EndProject
Project("{2150E333-8FDC-42A3-9474-1A3956D46DE8}") = "Domain", "Domain", "{9F759FEA-92E4-4EDD-A54B-8584078CC196}"
EndProject
Project("{FAE04EC0-301F-11D3-BF4B-00C04F79EFBC}") = "Api.Domain.Core", "Api\Api.Domain.Core\Api.Domain.Core.csproj", "{03AFD087-7C76-44D0-9ECB-386B6F500C62}"
EndProject
Project("{FAE04EC0-301F-11D3-BF4B-00C04F79EFBC}") = "Api.Domain.Infrastructure", "Api\Api.Domain.Infrastructure\Api.Domain.Infrastructure.csproj", "{3185C675-2461-4382-B123-3090D3C45D2E}"
EndProject
Project("{FAE04EC0-301F-11D3-BF4B-00C04F79EFBC}") = "Api.Tests.Helper", "Api\Api.Tests.Helper\Api.Tests.Helper.csproj", "{B174EC22-1318-43B3-8BB3-903B6E886096}"
EndProject
Project("{2150E333-8FDC-42A3-9474-1A3956D46DE8}") = ".nuget", ".nuget", "{9F0ACC98-F8FD-42DD-A1B4-FC2ADA6231D8}"
	ProjectSection(SolutionItems) = preProject
		.nuget\packages.config = .nuget\packages.config
	EndProjectSection
EndProject
Global
	GlobalSection(SolutionConfigurationPlatforms) = preSolution
		Debug|Any CPU = Debug|Any CPU
		Prod|Any CPU = Prod|Any CPU
		Release|Any CPU = Release|Any CPU
		TeamCity|Any CPU = TeamCity|Any CPU
		Test|Any CPU = Test|Any CPU
	EndGlobalSection
	GlobalSection(ProjectConfigurationPlatforms) = postSolution
		{31BCF2FE-006D-4F35-B697-2A538C9BA0D3}.Debug|Any CPU.ActiveCfg = Debug|Any CPU
		{31BCF2FE-006D-4F35-B697-2A538C9BA0D3}.Debug|Any CPU.Build.0 = Debug|Any CPU
		{31BCF2FE-006D-4F35-B697-2A538C9BA0D3}.Prod|Any CPU.ActiveCfg = Prod|Any CPU
		{31BCF2FE-006D-4F35-B697-2A538C9BA0D3}.Prod|Any CPU.Build.0 = Prod|Any CPU
		{31BCF2FE-006D-4F35-B697-2A538C9BA0D3}.Release|Any CPU.ActiveCfg = Release|Any CPU
		{31BCF2FE-006D-4F35-B697-2A538C9BA0D3}.Release|Any CPU.Build.0 = Release|Any CPU
		{31BCF2FE-006D-4F35-B697-2A538C9BA0D3}.TeamCity|Any CPU.ActiveCfg = TeamCity|Any CPU
		{31BCF2FE-006D-4F35-B697-2A538C9BA0D3}.TeamCity|Any CPU.Build.0 = TeamCity|Any CPU
		{31BCF2FE-006D-4F35-B697-2A538C9BA0D3}.Test|Any CPU.ActiveCfg = Test|Any CPU
		{31BCF2FE-006D-4F35-B697-2A538C9BA0D3}.Test|Any CPU.Build.0 = Test|Any CPU
		{B4F9C525-5C56-440E-B4C2-972A33D7C8CD}.Debug|Any CPU.ActiveCfg = Debug|Any CPU
		{B4F9C525-5C56-440E-B4C2-972A33D7C8CD}.Debug|Any CPU.Build.0 = Debug|Any CPU
		{B4F9C525-5C56-440E-B4C2-972A33D7C8CD}.Prod|Any CPU.ActiveCfg = Prod|Any CPU
		{B4F9C525-5C56-440E-B4C2-972A33D7C8CD}.Prod|Any CPU.Build.0 = Prod|Any CPU
		{B4F9C525-5C56-440E-B4C2-972A33D7C8CD}.Release|Any CPU.ActiveCfg = Release|Any CPU
		{B4F9C525-5C56-440E-B4C2-972A33D7C8CD}.Release|Any CPU.Build.0 = Release|Any CPU
		{B4F9C525-5C56-440E-B4C2-972A33D7C8CD}.TeamCity|Any CPU.ActiveCfg = TeamCity|Any CPU
		{B4F9C525-5C56-440E-B4C2-972A33D7C8CD}.TeamCity|Any CPU.Build.0 = TeamCity|Any CPU
		{B4F9C525-5C56-440E-B4C2-972A33D7C8CD}.Test|Any CPU.ActiveCfg = Test|Any CPU
		{B4F9C525-5C56-440E-B4C2-972A33D7C8CD}.Test|Any CPU.Build.0 = Test|Any CPU
		{03AFD087-7C76-44D0-9ECB-386B6F500C62}.Debug|Any CPU.ActiveCfg = Debug|Any CPU
		{03AFD087-7C76-44D0-9ECB-386B6F500C62}.Debug|Any CPU.Build.0 = Debug|Any CPU
		{03AFD087-7C76-44D0-9ECB-386B6F500C62}.Prod|Any CPU.ActiveCfg = Release|Any CPU
		{03AFD087-7C76-44D0-9ECB-386B6F500C62}.Prod|Any CPU.Build.0 = Release|Any CPU
		{03AFD087-7C76-44D0-9ECB-386B6F500C62}.Release|Any CPU.ActiveCfg = Release|Any CPU
		{03AFD087-7C76-44D0-9ECB-386B6F500C62}.Release|Any CPU.Build.0 = Release|Any CPU
		{03AFD087-7C76-44D0-9ECB-386B6F500C62}.TeamCity|Any CPU.ActiveCfg = Release|Any CPU
		{03AFD087-7C76-44D0-9ECB-386B6F500C62}.TeamCity|Any CPU.Build.0 = Release|Any CPU
		{03AFD087-7C76-44D0-9ECB-386B6F500C62}.Test|Any CPU.ActiveCfg = Release|Any CPU
		{03AFD087-7C76-44D0-9ECB-386B6F500C62}.Test|Any CPU.Build.0 = Release|Any CPU
		{3185C675-2461-4382-B123-3090D3C45D2E}.Debug|Any CPU.ActiveCfg = Debug|Any CPU
		{3185C675-2461-4382-B123-3090D3C45D2E}.Debug|Any CPU.Build.0 = Debug|Any CPU
		{3185C675-2461-4382-B123-3090D3C45D2E}.Prod|Any CPU.ActiveCfg = Release|Any CPU
		{3185C675-2461-4382-B123-3090D3C45D2E}.Prod|Any CPU.Build.0 = Release|Any CPU
		{3185C675-2461-4382-B123-3090D3C45D2E}.Release|Any CPU.ActiveCfg = Release|Any CPU
		{3185C675-2461-4382-B123-3090D3C45D2E}.Release|Any CPU.Build.0 = Release|Any CPU
		{3185C675-2461-4382-B123-3090D3C45D2E}.TeamCity|Any CPU.ActiveCfg = Release|Any CPU
		{3185C675-2461-4382-B123-3090D3C45D2E}.TeamCity|Any CPU.Build.0 = Release|Any CPU
		{3185C675-2461-4382-B123-3090D3C45D2E}.Test|Any CPU.ActiveCfg = Release|Any CPU
		{3185C675-2461-4382-B123-3090D3C45D2E}.Test|Any CPU.Build.0 = Release|Any CPU
		{B174EC22-1318-43B3-8BB3-903B6E886096}.Debug|Any CPU.ActiveCfg = Debug|Any CPU
		{B174EC22-1318-43B3-8BB3-903B6E886096}.Debug|Any CPU.Build.0 = Debug|Any CPU
		{B174EC22-1318-43B3-8BB3-903B6E886096}.Prod|Any CPU.ActiveCfg = Release|Any CPU
		{B174EC22-1318-43B3-8BB3-903B6E886096}.Prod|Any CPU.Build.0 = Release|Any CPU
		{B174EC22-1318-43B3-8BB3-903B6E886096}.Release|Any CPU.ActiveCfg = Release|Any CPU
		{B174EC22-1318-43B3-8BB3-903B6E886096}.Release|Any CPU.Build.0 = Release|Any CPU
		{B174EC22-1318-43B3-8BB3-903B6E886096}.TeamCity|Any CPU.ActiveCfg = Release|Any CPU
		{B174EC22-1318-43B3-8BB3-903B6E886096}.TeamCity|Any CPU.Build.0 = Release|Any CPU
		{B174EC22-1318-43B3-8BB3-903B6E886096}.Test|Any CPU.ActiveCfg = Release|Any CPU
		{B174EC22-1318-43B3-8BB3-903B6E886096}.Test|Any CPU.Build.0 = Release|Any CPU
	EndGlobalSection
	GlobalSection(SolutionProperties) = preSolution
		HideSolutionNode = FALSE
	EndGlobalSection
	GlobalSection(NestedProjects) = preSolution
		{31BCF2FE-006D-4F35-B697-2A538C9BA0D3} = {B721F577-C2A4-4A2E-8B2B-1155B241FBF5}
		{03AFD087-7C76-44D0-9ECB-386B6F500C62} = {9F759FEA-92E4-4EDD-A54B-8584078CC196}
		{3185C675-2461-4382-B123-3090D3C45D2E} = {9F759FEA-92E4-4EDD-A54B-8584078CC196}
		{B174EC22-1318-43B3-8BB3-903B6E886096} = {B721F577-C2A4-4A2E-8B2B-1155B241FBF5}
	EndGlobalSection
EndGlobal
