
Microsoft Visual Studio Solution File, Format Version 12.00
# Visual Studio 2013
VisualStudioVersion = 12.0.31101.0
MinimumVisualStudioVersion = 10.0.40219.1
Project("{2150E333-8FDC-42A3-9474-1A3956D46DE8}") = ".tests", ".tests", "{89F5585A-CB90-4899-8E1D-DC1CDDF45F4A}"
EndProject
Project("{FAE04EC0-301F-11D3-BF4B-00C04F79EFBC}") = "Billing.Acceptance.Tests", "Billing\Billing.Acceptance.Tests\Billing.Acceptance.Tests.csproj", "{FF7C6F97-8AC9-4384-AB9B-B0734031DEF5}"
EndProject
Project("{FAE04EC0-301F-11D3-BF4B-00C04F79EFBC}") = "Billing.TestHelper", "Billing\Billing.TestHelper\Billing.TestHelper.csproj", "{920B81A8-7088-4E8B-8170-228906CD127E}"
EndProject
Project("{FAE04EC0-301F-11D3-BF4B-00C04F79EFBC}") = "Billing.Unit.Tests", "Billing\Billing.Unit.Tests\Billing.Unit.Tests.csproj", "{1AC6A459-024B-4465-B2FC-0C9B7494FF91}"
EndProject
Project("{FAE04EC0-301F-11D3-BF4B-00C04F79EFBC}") = "Billing.Api", "Billing\Billing.Api\Billing.Api.csproj", "{ED638DD5-E755-4B7A-940D-5C94AB425686}"
EndProject
Project("{FAE04EC0-301F-11D3-BF4B-00C04F79EFBC}") = "Billing.Api.Connector", "Billing\Billing.Api.Connector\Billing.Api.Connector.csproj", "{2B2C90A8-ECE9-47BD-AF05-4F07133772A6}"
EndProject
Project("{FAE04EC0-301F-11D3-BF4B-00C04F79EFBC}") = "Billing.Api.Dtos", "Billing\Billing.Api.Dtos\Billing.Api.Dtos.csproj", "{967DB86A-E141-466D-B9C3-2ABAD9FF5487}"
EndProject
Project("{FAE04EC0-301F-11D3-BF4B-00C04F79EFBC}") = "Workflow.Billing", "Billing\Workflow.Billing\Workflow.Billing.csproj", "{74859ECC-2E2E-4016-8689-2FB29CDBBB02}"
EndProject
Project("{FAE04EC0-301F-11D3-BF4B-00C04F79EFBC}") = "Workflow.Billing.Consumer", "Billing\Workflow.Billing.Consumer\Workflow.Billing.Consumer.csproj", "{EE01F6BA-D18F-4958-81E3-0B9984F6F5ED}"
EndProject
Project("{FAE04EC0-301F-11D3-BF4B-00C04F79EFBC}") = "Workflow.Billing.Database", "Billing\Workflow.Billing.Database\Workflow.Billing.Database.csproj", "{9F8BD7F7-3B75-40EC-BE50-2192F0780A58}"
EndProject
Project("{FAE04EC0-301F-11D3-BF4B-00C04F79EFBC}") = "Workflow.Billing.Messages", "Billing\Workflow.Billing.Messages\Workflow.Billing.Messages.csproj", "{EA4E1FF1-8581-4680-AA28-126294163093}"
EndProject
Project("{2150E333-8FDC-42A3-9474-1A3956D46DE8}") = "Presentation", "Presentation", "{BFDDFD5C-3B26-4EF3-87AC-D4DD3D53673B}"
EndProject
Project("{2150E333-8FDC-42A3-9474-1A3956D46DE8}") = "Domain", "Domain", "{0CD1CFE3-2C52-4038-88BB-60E528A6C77D}"
EndProject
Project("{2150E333-8FDC-42A3-9474-1A3956D46DE8}") = "Infrastructure", "Infrastructure", "{5A13D445-E5A9-4F22-B317-923977838009}"
EndProject
Project("{FAE04EC0-301F-11D3-BF4B-00C04F79EFBC}") = "Billing.Infrastructure", "Billing.Infrastructure\Billing.Infrastructure.csproj", "{1FB58A9A-5E4E-48C2-82DA-22694ACC31CC}"
EndProject
Global
	GlobalSection(SolutionConfigurationPlatforms) = preSolution
		Debug|Any CPU = Debug|Any CPU
		Release|Any CPU = Release|Any CPU
	EndGlobalSection
	GlobalSection(ProjectConfigurationPlatforms) = postSolution
		{FF7C6F97-8AC9-4384-AB9B-B0734031DEF5}.Debug|Any CPU.ActiveCfg = Debug|Any CPU
		{FF7C6F97-8AC9-4384-AB9B-B0734031DEF5}.Debug|Any CPU.Build.0 = Debug|Any CPU
		{FF7C6F97-8AC9-4384-AB9B-B0734031DEF5}.Release|Any CPU.ActiveCfg = Release|Any CPU
		{FF7C6F97-8AC9-4384-AB9B-B0734031DEF5}.Release|Any CPU.Build.0 = Release|Any CPU
		{920B81A8-7088-4E8B-8170-228906CD127E}.Debug|Any CPU.ActiveCfg = Debug|Any CPU
		{920B81A8-7088-4E8B-8170-228906CD127E}.Debug|Any CPU.Build.0 = Debug|Any CPU
		{920B81A8-7088-4E8B-8170-228906CD127E}.Release|Any CPU.ActiveCfg = Release|Any CPU
		{920B81A8-7088-4E8B-8170-228906CD127E}.Release|Any CPU.Build.0 = Release|Any CPU
		{1AC6A459-024B-4465-B2FC-0C9B7494FF91}.Debug|Any CPU.ActiveCfg = Debug|Any CPU
		{1AC6A459-024B-4465-B2FC-0C9B7494FF91}.Debug|Any CPU.Build.0 = Debug|Any CPU
		{1AC6A459-024B-4465-B2FC-0C9B7494FF91}.Release|Any CPU.ActiveCfg = Release|Any CPU
		{1AC6A459-024B-4465-B2FC-0C9B7494FF91}.Release|Any CPU.Build.0 = Release|Any CPU
		{ED638DD5-E755-4B7A-940D-5C94AB425686}.Debug|Any CPU.ActiveCfg = Debug|Any CPU
		{ED638DD5-E755-4B7A-940D-5C94AB425686}.Debug|Any CPU.Build.0 = Debug|Any CPU
		{ED638DD5-E755-4B7A-940D-5C94AB425686}.Release|Any CPU.ActiveCfg = Release|Any CPU
		{ED638DD5-E755-4B7A-940D-5C94AB425686}.Release|Any CPU.Build.0 = Release|Any CPU
		{2B2C90A8-ECE9-47BD-AF05-4F07133772A6}.Debug|Any CPU.ActiveCfg = Debug|Any CPU
		{2B2C90A8-ECE9-47BD-AF05-4F07133772A6}.Debug|Any CPU.Build.0 = Debug|Any CPU
		{2B2C90A8-ECE9-47BD-AF05-4F07133772A6}.Release|Any CPU.ActiveCfg = Release|Any CPU
		{2B2C90A8-ECE9-47BD-AF05-4F07133772A6}.Release|Any CPU.Build.0 = Release|Any CPU
		{967DB86A-E141-466D-B9C3-2ABAD9FF5487}.Debug|Any CPU.ActiveCfg = Debug|Any CPU
		{967DB86A-E141-466D-B9C3-2ABAD9FF5487}.Debug|Any CPU.Build.0 = Debug|Any CPU
		{967DB86A-E141-466D-B9C3-2ABAD9FF5487}.Release|Any CPU.ActiveCfg = Release|Any CPU
		{967DB86A-E141-466D-B9C3-2ABAD9FF5487}.Release|Any CPU.Build.0 = Release|Any CPU
		{74859ECC-2E2E-4016-8689-2FB29CDBBB02}.Debug|Any CPU.ActiveCfg = Debug|Any CPU
		{74859ECC-2E2E-4016-8689-2FB29CDBBB02}.Debug|Any CPU.Build.0 = Debug|Any CPU
		{74859ECC-2E2E-4016-8689-2FB29CDBBB02}.Release|Any CPU.ActiveCfg = Release|Any CPU
		{74859ECC-2E2E-4016-8689-2FB29CDBBB02}.Release|Any CPU.Build.0 = Release|Any CPU
		{EE01F6BA-D18F-4958-81E3-0B9984F6F5ED}.Debug|Any CPU.ActiveCfg = Debug|Any CPU
		{EE01F6BA-D18F-4958-81E3-0B9984F6F5ED}.Debug|Any CPU.Build.0 = Debug|Any CPU
		{EE01F6BA-D18F-4958-81E3-0B9984F6F5ED}.Release|Any CPU.ActiveCfg = Release|Any CPU
		{EE01F6BA-D18F-4958-81E3-0B9984F6F5ED}.Release|Any CPU.Build.0 = Release|Any CPU
		{9F8BD7F7-3B75-40EC-BE50-2192F0780A58}.Debug|Any CPU.ActiveCfg = Debug|Any CPU
		{9F8BD7F7-3B75-40EC-BE50-2192F0780A58}.Debug|Any CPU.Build.0 = Debug|Any CPU
		{9F8BD7F7-3B75-40EC-BE50-2192F0780A58}.Release|Any CPU.ActiveCfg = Release|Any CPU
		{9F8BD7F7-3B75-40EC-BE50-2192F0780A58}.Release|Any CPU.Build.0 = Release|Any CPU
		{EA4E1FF1-8581-4680-AA28-126294163093}.Debug|Any CPU.ActiveCfg = Debug|Any CPU
		{EA4E1FF1-8581-4680-AA28-126294163093}.Debug|Any CPU.Build.0 = Debug|Any CPU
		{EA4E1FF1-8581-4680-AA28-126294163093}.Release|Any CPU.ActiveCfg = Release|Any CPU
		{EA4E1FF1-8581-4680-AA28-126294163093}.Release|Any CPU.Build.0 = Release|Any CPU
		{1FB58A9A-5E4E-48C2-82DA-22694ACC31CC}.Debug|Any CPU.ActiveCfg = Debug|Any CPU
		{1FB58A9A-5E4E-48C2-82DA-22694ACC31CC}.Debug|Any CPU.Build.0 = Debug|Any CPU
		{1FB58A9A-5E4E-48C2-82DA-22694ACC31CC}.Release|Any CPU.ActiveCfg = Release|Any CPU
		{1FB58A9A-5E4E-48C2-82DA-22694ACC31CC}.Release|Any CPU.Build.0 = Release|Any CPU
	EndGlobalSection
	GlobalSection(SolutionProperties) = preSolution
		HideSolutionNode = FALSE
	EndGlobalSection
	GlobalSection(NestedProjects) = preSolution
		{FF7C6F97-8AC9-4384-AB9B-B0734031DEF5} = {89F5585A-CB90-4899-8E1D-DC1CDDF45F4A}
		{920B81A8-7088-4E8B-8170-228906CD127E} = {89F5585A-CB90-4899-8E1D-DC1CDDF45F4A}
		{1AC6A459-024B-4465-B2FC-0C9B7494FF91} = {89F5585A-CB90-4899-8E1D-DC1CDDF45F4A}
		{ED638DD5-E755-4B7A-940D-5C94AB425686} = {BFDDFD5C-3B26-4EF3-87AC-D4DD3D53673B}
		{1FB58A9A-5E4E-48C2-82DA-22694ACC31CC} = {5A13D445-E5A9-4F22-B317-923977838009}
	EndGlobalSection
EndGlobal
