
Microsoft Visual Studio Solution File, Format Version 12.00
# Visual Studio 2012
Project("{2150E333-8FDC-42A3-9474-1A3956D46DE8}") = "Workflow", "Workflow", "{281DF20E-FF00-407C-958F-638B2791FF40}"
EndProject
Project("{2150E333-8FDC-42A3-9474-1A3956D46DE8}") = ".tests", ".tests", "{9C3F94A5-3C97-4D86-A193-8AC4CFB0889A}"
EndProject
Project("{2150E333-8FDC-42A3-9474-1A3956D46DE8}") = ".nuget", ".nuget", "{055ACE6A-3992-44CB-9628-7E0BB6F67D1B}"
	ProjectSection(SolutionItems) = preProject
		.nuget\NuGet.Config = .nuget\NuGet.Config
		.nuget\NuGet.exe = .nuget\NuGet.exe
		.nuget\NuGet.targets = .nuget\NuGet.targets
	EndProjectSection
EndProject
Project("{FAE04EC0-301F-11D3-BF4B-00C04F79EFBC}") = "BuildingBlocks", "Shared\BuildingBlocks\BuildingBlocks.csproj", "{AB92C673-A7C0-4C58-8DE8-2C51F1781303}"
EndProject
Project("{FAE04EC0-301F-11D3-BF4B-00C04F79EFBC}") = "Shared", "Shared\Shared\Shared.csproj", "{49DF15E2-0A73-46D1-BF98-BE472678A28D}"
EndProject
Project("{FAE04EC0-301F-11D3-BF4B-00C04F79EFBC}") = "Shared.Public", "Shared\Shared.Public\Shared.Public.csproj", "{A9E8B20A-E8F8-4549-83FC-921E26C64282}"
EndProject
Project("{FAE04EC0-301F-11D3-BF4B-00C04F79EFBC}") = "Workflow.RabbitMQ.Tests", "Workflow\Workflow.RabbitMQ.Tests\Workflow.RabbitMQ.Tests.csproj", "{01AD0AE7-BA8F-4B0D-A6A7-770AAD7512AF}"
EndProject
Project("{FAE04EC0-301F-11D3-BF4B-00C04F79EFBC}") = "Workflow", "Workflow\Workflow\Workflow.csproj", "{2338D97A-0483-4335-9609-83D8C245FD4A}"
EndProject
Project("{FAE04EC0-301F-11D3-BF4B-00C04F79EFBC}") = "Workflow.RabbitMQ", "Workflow\Workflow.RabbitMQ\Workflow.RabbitMQ.csproj", "{0EAAD289-F938-4986-B42C-A5B5A6A601AC}"
EndProject
Project("{2150E333-8FDC-42A3-9474-1A3956D46DE8}") = "Components", "Components", "{E395645B-42EA-447E-AF4F-26D70B5C2E81}"
EndProject
Project("{2150E333-8FDC-42A3-9474-1A3956D46DE8}") = "Billing", "Billing", "{CCAFCF11-9900-45B2-B5A9-33205FE53999}"
EndProject
Project("{FAE04EC0-301F-11D3-BF4B-00C04F79EFBC}") = "Workflow.Billing.Consumer", "Workflow\Components\Billing\Workflow.Billing.Consumer\Workflow.Billing.Consumer.csproj", "{EE01F6BA-D18F-4958-81E3-0B9984F6F5ED}"
EndProject
Project("{FAE04EC0-301F-11D3-BF4B-00C04F79EFBC}") = "Workflow.BuildingBlocks", "Workflow\Workflow.BuildingBlocks\Workflow.BuildingBlocks.csproj", "{DFC7DFC8-1C33-4061-90AF-51405D8E8793}"
EndProject
Project("{FAE04EC0-301F-11D3-BF4B-00C04F79EFBC}") = "Workflow.Billing.Messages", "Workflow\Components\Billing\Workflow.Billing.Messages\Workflow.Billing.Messages.csproj", "{EA4E1FF1-8581-4680-AA28-126294163093}"
EndProject
Project("{FAE04EC0-301F-11D3-BF4B-00C04F79EFBC}") = "Workflow.Billing", "Workflow\Components\Billing\Workflow.Billing\Workflow.Billing.csproj", "{74859ECC-2E2E-4016-8689-2FB29CDBBB02}"
EndProject
Project("{2150E333-8FDC-42A3-9474-1A3956D46DE8}") = ".tests", ".tests", "{66A147BE-D663-490E-8A47-27340621DE47}"
EndProject
Project("{FAE04EC0-301F-11D3-BF4B-00C04F79EFBC}") = "Workflow.Billing.Consumer.Tests", "Workflow\Components\Billing\Workflow.Billing.Consumer.Tests\Workflow.Billing.Consumer.Tests.csproj", "{DFAEAA9F-3F6A-4BD4-8836-D2294D15A6A8}"
EndProject
Project("{FAE04EC0-301F-11D3-BF4B-00C04F79EFBC}") = "Workflow.BuildingBlocks.Tests", "Workflow\Workflow.BuildingBlocks.Tests\Workflow.BuildingBlocks.Tests.csproj", "{C238E6D6-8F57-476E-8C0C-01CAF44877CF}"
EndProject
Project("{FAE04EC0-301F-11D3-BF4B-00C04F79EFBC}") = "Billing.Api", "Workflow\Components\Billing\Billing.Api\Billing.Api.csproj", "{ED638DD5-E755-4B7A-940D-5C94AB425686}"
EndProject
Project("{FAE04EC0-301F-11D3-BF4B-00C04F79EFBC}") = "Billing.Api.Dtos", "Workflow\Components\Billing\Billing.Api.Dtos\Billing.Api.Dtos.csproj", "{967DB86A-E141-466D-B9C3-2ABAD9FF5487}"
EndProject
Project("{FAE04EC0-301F-11D3-BF4B-00C04F79EFBC}") = "Shared.BuildingBlocks.Api", "Shared\Shared.BuildingBlocks.Api\Shared.BuildingBlocks.Api.csproj", "{5D425D49-AE4E-4EB0-98FF-C263EA3B7976}"
EndProject
Project("{FAE04EC0-301F-11D3-BF4B-00C04F79EFBC}") = "Billing.Api.Tests", "Workflow\Components\Billing\Billing.Api.Tests\Billing.Api.Tests.csproj", "{1AC6A459-024B-4465-B2FC-0C9B7494FF91}"
EndProject
Project("{2150E333-8FDC-42A3-9474-1A3956D46DE8}") = "Web", "Web", "{52719D3B-77DF-400B-B8A9-31708CB09EC1}"
EndProject
Project("{2150E333-8FDC-42A3-9474-1A3956D46DE8}") = "UserManagement", "UserManagement", "{EC3723EC-1950-4823-8508-4CB184F56B56}"
EndProject
Project("{2150E333-8FDC-42A3-9474-1A3956D46DE8}") = "Lace", "Lace", "{B9BF0216-FE5E-4ADE-B094-A1FD2B1D3628}"
EndProject
Project("{FAE04EC0-301F-11D3-BF4B-00C04F79EFBC}") = "Lace", "Lace\Lace\Lace.csproj", "{5B0ABCF8-5984-46E1-B1A5-6F3FD2BECAA1}"
EndProject
Project("{FAE04EC0-301F-11D3-BF4B-00C04F79EFBC}") = "Lace.Source", "Lace\Lace.Source\Lace.Source.csproj", "{D235F566-9AA9-47FD-95F5-5B1ABEBDF035}"
EndProject
Project("{FAE04EC0-301F-11D3-BF4B-00C04F79EFBC}") = "Lace.Source.Ivid", "Lace\Lace.Source.Ivid\Lace.Source.Ivid.csproj", "{14126A3D-F54B-40F0-B630-E1F3BBA61448}"
EndProject
Project("{FAE04EC0-301F-11D3-BF4B-00C04F79EFBC}") = "Lace.Source.IvidTitleHolder", "Lace\Lace.Source.IvidTitleHolder\Lace.Source.IvidTitleHolder.csproj", "{11458E6F-FCA6-4D3F-8AAA-10863873BB1C}"
EndProject
Project("{FAE04EC0-301F-11D3-BF4B-00C04F79EFBC}") = "Lace.Source.RgtVin", "Lace\Lace.Source.RgtVin\Lace.Source.RgtVin.csproj", "{81FC9EAA-0A3F-474F-A94E-0716952DF96C}"
EndProject
Project("{FAE04EC0-301F-11D3-BF4B-00C04F79EFBC}") = "Lace.Request", "Lace\Lace.Request\Lace.Request.csproj", "{80BD23D4-61D7-471A-B9A0-65A5AE8A3DFF}"
EndProject
Project("{2150E333-8FDC-42A3-9474-1A3956D46DE8}") = ".tests", ".tests", "{058C2D74-B352-493E-BA2D-616CEC3E98F8}"
EndProject
Project("{FAE04EC0-301F-11D3-BF4B-00C04F79EFBC}") = "Lace.Source.Tests", "Lace\Lace.Source.Tests\Lace.Source.Tests.csproj", "{B9B50B38-6EEC-4D8F-86E1-E9F35955E527}"
EndProject
Project("{FAE04EC0-301F-11D3-BF4B-00C04F79EFBC}") = "Lace.Request.Tests", "Lace\Lace.Request.Tests\Lace.Request.Tests.csproj", "{61DCBBF9-D271-4EED-B767-F9877BB85F8F}"
EndProject
Project("{2150E333-8FDC-42A3-9474-1A3956D46DE8}") = "Requests", "Requests", "{15888ECE-F59A-427B-B092-7ED5E4494AD7}"
EndProject
Project("{2150E333-8FDC-42A3-9474-1A3956D46DE8}") = "Sources", "Sources", "{7A71C4A8-CF8A-4C65-A0A8-9C810EB9EC28}"
EndProject
Project("{2150E333-8FDC-42A3-9474-1A3956D46DE8}") = "Responses", "Responses", "{20B8F953-C0DF-4EB0-8DC7-7B733ACE0B22}"
EndProject
Project("{FAE04EC0-301F-11D3-BF4B-00C04F79EFBC}") = "Lace.Response", "Lace\Lace.Response\Lace.Response.csproj", "{957BD4B9-8F6B-49E5-A2A0-73CF1FF0C3F0}"
EndProject
Project("{2150E333-8FDC-42A3-9474-1A3956D46DE8}") = "Models", "Models", "{F0DD6C1C-8FB6-44E1-8653-5975137EC908}"
EndProject
Project("{FAE04EC0-301F-11D3-BF4B-00C04F79EFBC}") = "Lace.Models.Ivid", "Lace\Lace.Models.Ivid\Lace.Models.Ivid.csproj", "{6931CDBD-3EA0-4957-80B1-237B14D6A3AA}"
EndProject
Project("{FAE04EC0-301F-11D3-BF4B-00C04F79EFBC}") = "Lace.Models.IvidTitleHolder", "Lace\Lace.Models.IvidTitleHolder\Lace.Models.IvidTitleHolder.csproj", "{18D3AB89-EC20-4685-B0BD-57C87C5C3495}"
EndProject
Project("{FAE04EC0-301F-11D3-BF4B-00C04F79EFBC}") = "Lace.Models.RgtVin", "Lace\Lace.Models.RgtVin\Lace.Models.RgtVin.csproj", "{DD94160D-88E7-4590-8707-891024976316}"
EndProject
Project("{FAE04EC0-301F-11D3-BF4B-00C04F79EFBC}") = "Lace.Models", "Lace\Lace.Models\Lace.Models.csproj", "{C9BDE461-74E7-4615-A61B-993B372F0EB3}"
EndProject
Project("{FAE04EC0-301F-11D3-BF4B-00C04F79EFBC}") = "Lace.Response.ExternalServices", "Lace\Lace.Response.ExternalServices\Lace.Response.ExternalServices.csproj", "{8D2AD71F-E6D2-44E5-BD9E-11FF68EF3A6D}"
EndProject
Project("{FAE04EC0-301F-11D3-BF4B-00C04F79EFBC}") = "Lace.Events", "Lace\Lace.Events\Lace.Events.csproj", "{98057A7D-BAD4-4578-A408-955CA0A7523F}"
EndProject
Project("{FAE04EC0-301F-11D3-BF4B-00C04F79EFBC}") = "Lace.Source.Audatex", "Lace\Lace.Source.Audatex\Lace.Source.Audatex.csproj", "{BEDBF9BA-5710-4F01-A88D-E7D217BA5164}"
EndProject
Project("{FAE04EC0-301F-11D3-BF4B-00C04F79EFBC}") = "Lace.Models.Audatex", "Lace\Lace.Models.Audatex\Lace.Models.Audatex.csproj", "{731C14E0-8E69-4BEA-A189-C62C40BC77CA}"
EndProject
Project("{FAE04EC0-301F-11D3-BF4B-00C04F79EFBC}") = "Lace.Models.Rgt", "Lace\Lace.Models.Rgt\Lace.Models.Rgt.csproj", "{99C72578-05A3-4F67-87F6-280118C4C791}"
EndProject
Project("{FAE04EC0-301F-11D3-BF4B-00C04F79EFBC}") = "Lace.Models.Lightstone", "Lace\Lace.Models.Lightstone\Lace.Models.Lightstone.csproj", "{00668419-21AD-4310-B511-C2A1C6D9DCDF}"
EndProject
Project("{FAE04EC0-301F-11D3-BF4B-00C04F79EFBC}") = "Lace.Request.Entry", "Lace\Lace.Request.Entry\Lace.Request.Entry.csproj", "{2E7E7B3B-B78C-4A84-AA69-77C467C5E04D}"
EndProject
Project("{FAE04EC0-301F-11D3-BF4B-00C04F79EFBC}") = "Lace.Shared.Tests", "Lace\Lace.Shared.Tests\Lace.Shared.Tests.csproj", "{E4914C92-724A-44C4-871F-E1DB3DD02E45}"
EndProject
Project("{FAE04EC0-301F-11D3-BF4B-00C04F79EFBC}") = "Lace.Models.Product", "Lace\Lace.Models.Product\Lace.Models.Product.csproj", "{3A2D132A-8166-43C0-84CB-83D0367D6AA4}"
EndProject
Project("{FAE04EC0-301F-11D3-BF4B-00C04F79EFBC}") = "Lace.Source.Repository.Product", "Lace\Lace.Source.Repository.Product\Lace.Source.Repository.Product.csproj", "{CEA1E1FE-102D-4221-A9C1-6779FF318043}"
EndProject
Project("{FAE04EC0-301F-11D3-BF4B-00C04F79EFBC}") = "Lace.Source.Repository", "Lace\Lace.Source.Repository\Lace.Source.Repository.csproj", "{CAA40BD4-DD05-42C9-9E53-84C95268D072}"
EndProject
Project("{FAE04EC0-301F-11D3-BF4B-00C04F79EFBC}") = "Lace.Source.Repository.Tests", "Lace\Lace.Source.Repository.Tests\Lace.Source.Repository.Tests.csproj", "{DD39C8B6-65F0-407F-AF12-C6B80B977D7B}"
EndProject
Project("{FAE04EC0-301F-11D3-BF4B-00C04F79EFBC}") = "Lace.Request.Load", "Lace\Lace.Request.Load\Lace.Request.Load.csproj", "{E8ED7030-9672-41D8-A06F-B3AF1464DBA6}"
EndProject
Project("{FAE04EC0-301F-11D3-BF4B-00C04F79EFBC}") = "Lace.Models.Request.LicensePlateNumber", "Lace\Lace.Models.Request.LicensePlateNumber\Lace.Models.Request.LicensePlateNumber.csproj", "{74AC8CC6-6CB2-4F64-B59C-0BF7125181A9}"
EndProject
Project("{FAE04EC0-301F-11D3-BF4B-00C04F79EFBC}") = "Lace.Request.Types.LicensePlateNumber", "Lace\Lace.Request.Types.LicensePlateNumber\Lace.Request.Types.LicensePlateNumber.csproj", "{574121EA-C530-4448-A05B-EAAE86BA79D3}"
EndProject
Project("{FAE04EC0-301F-11D3-BF4B-00C04F79EFBC}") = "Lace.Tests.Data", "Lace\Lace.Tests.Data\Lace.Tests.Data.csproj", "{734172ED-E742-4FA0-A5D3-B6BBB581807C}"
EndProject
Project("{FAE04EC0-301F-11D3-BF4B-00C04F79EFBC}") = "Lace.Events.Tests", "Lace\Lace.Events.Tests\Lace.Events.Tests.csproj", "{D2CDE097-46F9-4C22-8E7C-84EFC8BB60A6}"
EndProject
Project("{FAE04EC0-301F-11D3-BF4B-00C04F79EFBC}") = "Lace.Functions", "Lace\Lace.Functions\Lace.Functions.csproj", "{E2F47E4A-F891-4FD6-A269-89C42595361D}"
EndProject
Project("{FAE04EC0-301F-11D3-BF4B-00C04F79EFBC}") = "UmApi", "UserManagement\UmApi\UmApi.csproj", "{AE74AB7B-A81A-4479-8E82-FF539682A852}"
EndProject
Project("{FAE04EC0-301F-11D3-BF4B-00C04F79EFBC}") = "UmApi.Specs", "UserManagement\UmApi.Specs\UmApi.Specs.csproj", "{4237E7E7-1706-4BBD-86AC-7D1EF3CA5C03}"
EndProject
Project("{2150E333-8FDC-42A3-9474-1A3956D46DE8}") = "Api", "Api", "{916071C1-11D4-48AD-9962-33E5305011CD}"
EndProject
Project("{FAE04EC0-301F-11D3-BF4B-00C04F79EFBC}") = "Api", "Api\Api\Api.csproj", "{B4F9C525-5C56-440E-B4C2-972A33D7C8CD}"
EndProject
Project("{FAE04EC0-301F-11D3-BF4B-00C04F79EFBC}") = "Api.Specs", "Api\Api.Specs\Api.Specs.csproj", "{EFCAA573-3860-4E60-9B65-AE713763933B}"
EndProject
Project("{FAE04EC0-301F-11D3-BF4B-00C04F79EFBC}") = "LiveAutoWeb", "Web\LiveAutoWeb\LiveAutoWeb.csproj", "{F83DA28B-F37E-4412-A3D6-7E17ADAEA318}"
EndProject
Project("{2150E333-8FDC-42A3-9474-1A3956D46DE8}") = "Events", "Events", "{DDAFC8C3-6F91-4582-9323-ABB3055FC701}"
EndProject
Project("{FAE04EC0-301F-11D3-BF4B-00C04F79EFBC}") = "Lace.Events.Messages.Publish", "Lace\Lace.Events.Messages.Publish\Lace.Events.Messages.Publish.csproj", "{E2281E99-B90F-4615-9F63-D46B024EB5AB}"
EndProject
Project("{2150E333-8FDC-42A3-9474-1A3956D46DE8}") = "PackageBuilder", "PackageBuilder", "{8871034F-D21D-4CEE-AFE6-9BADA20294F4}"
EndProject
Project("{FAE04EC0-301F-11D3-BF4B-00C04F79EFBC}") = "PackageBuilder.Api", "PackageBuilder\PackageBuilder.Api\PackageBuilder.Api.csproj", "{F82044A3-E321-49F4-91BD-878561FE54B7}"
EndProject
Project("{2150E333-8FDC-42A3-9474-1A3956D46DE8}") = "EventTracking", "EventTracking", "{F2FAB3F2-5E11-40BF-A06B-B87AFB216F24}"
EndProject
Project("{FAE04EC0-301F-11D3-BF4B-00C04F79EFBC}") = "EventTracking", "EventTracking\EventTracking\EventTracking.csproj", "{07171AC5-6497-40C0-A465-2B0A04784285}"
EndProject
Project("{FAE04EC0-301F-11D3-BF4B-00C04F79EFBC}") = "EventTracking.Consumer", "EventTracking\EventTracking.Consumer\EventTracking.Consumer.csproj", "{34141527-7D87-4857-A472-2CBDC746C98D}"
EndProject
Project("{FAE04EC0-301F-11D3-BF4B-00C04F79EFBC}") = "EventTracking.Modules.Lace", "EventTracking.Modules.Lace\EventTracking.Modules.Lace.csproj", "{5964734E-7B1D-43D0-84BC-A3A3957C2335}"
EndProject
Global
	GlobalSection(SolutionConfigurationPlatforms) = preSolution
		Debug|Any CPU = Debug|Any CPU
		MonoDebug|Any CPU = MonoDebug|Any CPU
		MonoRelease|Any CPU = MonoRelease|Any CPU
		Release|Any CPU = Release|Any CPU
	EndGlobalSection
	GlobalSection(ProjectConfigurationPlatforms) = postSolution
		{AB92C673-A7C0-4C58-8DE8-2C51F1781303}.Debug|Any CPU.ActiveCfg = Debug|Any CPU
		{AB92C673-A7C0-4C58-8DE8-2C51F1781303}.Debug|Any CPU.Build.0 = Debug|Any CPU
		{AB92C673-A7C0-4C58-8DE8-2C51F1781303}.MonoDebug|Any CPU.ActiveCfg = Debug|Any CPU
		{AB92C673-A7C0-4C58-8DE8-2C51F1781303}.MonoDebug|Any CPU.Build.0 = Debug|Any CPU
		{AB92C673-A7C0-4C58-8DE8-2C51F1781303}.MonoRelease|Any CPU.ActiveCfg = Release|Any CPU
		{AB92C673-A7C0-4C58-8DE8-2C51F1781303}.MonoRelease|Any CPU.Build.0 = Release|Any CPU
		{AB92C673-A7C0-4C58-8DE8-2C51F1781303}.Release|Any CPU.ActiveCfg = Release|Any CPU
		{AB92C673-A7C0-4C58-8DE8-2C51F1781303}.Release|Any CPU.Build.0 = Release|Any CPU
		{49DF15E2-0A73-46D1-BF98-BE472678A28D}.Debug|Any CPU.ActiveCfg = Debug|Any CPU
		{49DF15E2-0A73-46D1-BF98-BE472678A28D}.Debug|Any CPU.Build.0 = Debug|Any CPU
		{49DF15E2-0A73-46D1-BF98-BE472678A28D}.MonoDebug|Any CPU.ActiveCfg = Debug|Any CPU
		{49DF15E2-0A73-46D1-BF98-BE472678A28D}.MonoDebug|Any CPU.Build.0 = Debug|Any CPU
		{49DF15E2-0A73-46D1-BF98-BE472678A28D}.MonoRelease|Any CPU.ActiveCfg = Release|Any CPU
		{49DF15E2-0A73-46D1-BF98-BE472678A28D}.MonoRelease|Any CPU.Build.0 = Release|Any CPU
		{49DF15E2-0A73-46D1-BF98-BE472678A28D}.Release|Any CPU.ActiveCfg = Release|Any CPU
		{49DF15E2-0A73-46D1-BF98-BE472678A28D}.Release|Any CPU.Build.0 = Release|Any CPU
		{A9E8B20A-E8F8-4549-83FC-921E26C64282}.Debug|Any CPU.ActiveCfg = Debug|Any CPU
		{A9E8B20A-E8F8-4549-83FC-921E26C64282}.Debug|Any CPU.Build.0 = Debug|Any CPU
		{A9E8B20A-E8F8-4549-83FC-921E26C64282}.MonoDebug|Any CPU.ActiveCfg = Debug|Any CPU
		{A9E8B20A-E8F8-4549-83FC-921E26C64282}.MonoDebug|Any CPU.Build.0 = Debug|Any CPU
		{A9E8B20A-E8F8-4549-83FC-921E26C64282}.MonoRelease|Any CPU.ActiveCfg = Release|Any CPU
		{A9E8B20A-E8F8-4549-83FC-921E26C64282}.MonoRelease|Any CPU.Build.0 = Release|Any CPU
		{A9E8B20A-E8F8-4549-83FC-921E26C64282}.Release|Any CPU.ActiveCfg = Release|Any CPU
		{A9E8B20A-E8F8-4549-83FC-921E26C64282}.Release|Any CPU.Build.0 = Release|Any CPU
		{01AD0AE7-BA8F-4B0D-A6A7-770AAD7512AF}.Debug|Any CPU.ActiveCfg = Debug|Any CPU
		{01AD0AE7-BA8F-4B0D-A6A7-770AAD7512AF}.Debug|Any CPU.Build.0 = Debug|Any CPU
		{01AD0AE7-BA8F-4B0D-A6A7-770AAD7512AF}.MonoDebug|Any CPU.ActiveCfg = Debug|Any CPU
		{01AD0AE7-BA8F-4B0D-A6A7-770AAD7512AF}.MonoDebug|Any CPU.Build.0 = Debug|Any CPU
		{01AD0AE7-BA8F-4B0D-A6A7-770AAD7512AF}.MonoRelease|Any CPU.ActiveCfg = Release|Any CPU
		{01AD0AE7-BA8F-4B0D-A6A7-770AAD7512AF}.MonoRelease|Any CPU.Build.0 = Release|Any CPU
		{01AD0AE7-BA8F-4B0D-A6A7-770AAD7512AF}.Release|Any CPU.ActiveCfg = Release|Any CPU
		{01AD0AE7-BA8F-4B0D-A6A7-770AAD7512AF}.Release|Any CPU.Build.0 = Release|Any CPU
		{2338D97A-0483-4335-9609-83D8C245FD4A}.Debug|Any CPU.ActiveCfg = Debug|Any CPU
		{2338D97A-0483-4335-9609-83D8C245FD4A}.Debug|Any CPU.Build.0 = Debug|Any CPU
		{2338D97A-0483-4335-9609-83D8C245FD4A}.MonoDebug|Any CPU.ActiveCfg = Debug|Any CPU
		{2338D97A-0483-4335-9609-83D8C245FD4A}.MonoDebug|Any CPU.Build.0 = Debug|Any CPU
		{2338D97A-0483-4335-9609-83D8C245FD4A}.MonoRelease|Any CPU.ActiveCfg = Release|Any CPU
		{2338D97A-0483-4335-9609-83D8C245FD4A}.MonoRelease|Any CPU.Build.0 = Release|Any CPU
		{2338D97A-0483-4335-9609-83D8C245FD4A}.Release|Any CPU.ActiveCfg = Release|Any CPU
		{2338D97A-0483-4335-9609-83D8C245FD4A}.Release|Any CPU.Build.0 = Release|Any CPU
		{0EAAD289-F938-4986-B42C-A5B5A6A601AC}.Debug|Any CPU.ActiveCfg = Debug|Any CPU
		{0EAAD289-F938-4986-B42C-A5B5A6A601AC}.Debug|Any CPU.Build.0 = Debug|Any CPU
		{0EAAD289-F938-4986-B42C-A5B5A6A601AC}.MonoDebug|Any CPU.ActiveCfg = Debug|Any CPU
		{0EAAD289-F938-4986-B42C-A5B5A6A601AC}.MonoDebug|Any CPU.Build.0 = Debug|Any CPU
		{0EAAD289-F938-4986-B42C-A5B5A6A601AC}.MonoRelease|Any CPU.ActiveCfg = Release|Any CPU
		{0EAAD289-F938-4986-B42C-A5B5A6A601AC}.MonoRelease|Any CPU.Build.0 = Release|Any CPU
		{0EAAD289-F938-4986-B42C-A5B5A6A601AC}.Release|Any CPU.ActiveCfg = Release|Any CPU
		{0EAAD289-F938-4986-B42C-A5B5A6A601AC}.Release|Any CPU.Build.0 = Release|Any CPU
		{EE01F6BA-D18F-4958-81E3-0B9984F6F5ED}.Debug|Any CPU.ActiveCfg = Debug|Any CPU
		{EE01F6BA-D18F-4958-81E3-0B9984F6F5ED}.Debug|Any CPU.Build.0 = Debug|Any CPU
		{EE01F6BA-D18F-4958-81E3-0B9984F6F5ED}.MonoDebug|Any CPU.ActiveCfg = Debug|Any CPU
		{EE01F6BA-D18F-4958-81E3-0B9984F6F5ED}.MonoDebug|Any CPU.Build.0 = Debug|Any CPU
		{EE01F6BA-D18F-4958-81E3-0B9984F6F5ED}.MonoRelease|Any CPU.ActiveCfg = Release|Any CPU
		{EE01F6BA-D18F-4958-81E3-0B9984F6F5ED}.MonoRelease|Any CPU.Build.0 = Release|Any CPU
		{EE01F6BA-D18F-4958-81E3-0B9984F6F5ED}.Release|Any CPU.ActiveCfg = Release|Any CPU
		{EE01F6BA-D18F-4958-81E3-0B9984F6F5ED}.Release|Any CPU.Build.0 = Release|Any CPU
		{DFC7DFC8-1C33-4061-90AF-51405D8E8793}.Debug|Any CPU.ActiveCfg = Debug|Any CPU
		{DFC7DFC8-1C33-4061-90AF-51405D8E8793}.Debug|Any CPU.Build.0 = Debug|Any CPU
		{DFC7DFC8-1C33-4061-90AF-51405D8E8793}.MonoDebug|Any CPU.ActiveCfg = Debug|Any CPU
		{DFC7DFC8-1C33-4061-90AF-51405D8E8793}.MonoDebug|Any CPU.Build.0 = Debug|Any CPU
		{DFC7DFC8-1C33-4061-90AF-51405D8E8793}.MonoRelease|Any CPU.ActiveCfg = Release|Any CPU
		{DFC7DFC8-1C33-4061-90AF-51405D8E8793}.MonoRelease|Any CPU.Build.0 = Release|Any CPU
		{DFC7DFC8-1C33-4061-90AF-51405D8E8793}.Release|Any CPU.ActiveCfg = Release|Any CPU
		{DFC7DFC8-1C33-4061-90AF-51405D8E8793}.Release|Any CPU.Build.0 = Release|Any CPU
		{EA4E1FF1-8581-4680-AA28-126294163093}.Debug|Any CPU.ActiveCfg = Debug|Any CPU
		{EA4E1FF1-8581-4680-AA28-126294163093}.Debug|Any CPU.Build.0 = Debug|Any CPU
		{EA4E1FF1-8581-4680-AA28-126294163093}.MonoDebug|Any CPU.ActiveCfg = Debug|Any CPU
		{EA4E1FF1-8581-4680-AA28-126294163093}.MonoDebug|Any CPU.Build.0 = Debug|Any CPU
		{EA4E1FF1-8581-4680-AA28-126294163093}.MonoRelease|Any CPU.ActiveCfg = Release|Any CPU
		{EA4E1FF1-8581-4680-AA28-126294163093}.MonoRelease|Any CPU.Build.0 = Release|Any CPU
		{EA4E1FF1-8581-4680-AA28-126294163093}.Release|Any CPU.ActiveCfg = Release|Any CPU
		{EA4E1FF1-8581-4680-AA28-126294163093}.Release|Any CPU.Build.0 = Release|Any CPU
		{74859ECC-2E2E-4016-8689-2FB29CDBBB02}.Debug|Any CPU.ActiveCfg = Debug|Any CPU
		{74859ECC-2E2E-4016-8689-2FB29CDBBB02}.Debug|Any CPU.Build.0 = Debug|Any CPU
		{74859ECC-2E2E-4016-8689-2FB29CDBBB02}.MonoDebug|Any CPU.ActiveCfg = Debug|Any CPU
		{74859ECC-2E2E-4016-8689-2FB29CDBBB02}.MonoDebug|Any CPU.Build.0 = Debug|Any CPU
		{74859ECC-2E2E-4016-8689-2FB29CDBBB02}.MonoRelease|Any CPU.ActiveCfg = Release|Any CPU
		{74859ECC-2E2E-4016-8689-2FB29CDBBB02}.MonoRelease|Any CPU.Build.0 = Release|Any CPU
		{74859ECC-2E2E-4016-8689-2FB29CDBBB02}.Release|Any CPU.ActiveCfg = Release|Any CPU
		{74859ECC-2E2E-4016-8689-2FB29CDBBB02}.Release|Any CPU.Build.0 = Release|Any CPU
		{DFAEAA9F-3F6A-4BD4-8836-D2294D15A6A8}.Debug|Any CPU.ActiveCfg = Debug|Any CPU
		{DFAEAA9F-3F6A-4BD4-8836-D2294D15A6A8}.Debug|Any CPU.Build.0 = Debug|Any CPU
		{DFAEAA9F-3F6A-4BD4-8836-D2294D15A6A8}.MonoDebug|Any CPU.ActiveCfg = Debug|Any CPU
		{DFAEAA9F-3F6A-4BD4-8836-D2294D15A6A8}.MonoDebug|Any CPU.Build.0 = Debug|Any CPU
		{DFAEAA9F-3F6A-4BD4-8836-D2294D15A6A8}.MonoRelease|Any CPU.ActiveCfg = Release|Any CPU
		{DFAEAA9F-3F6A-4BD4-8836-D2294D15A6A8}.MonoRelease|Any CPU.Build.0 = Release|Any CPU
		{DFAEAA9F-3F6A-4BD4-8836-D2294D15A6A8}.Release|Any CPU.ActiveCfg = Release|Any CPU
		{DFAEAA9F-3F6A-4BD4-8836-D2294D15A6A8}.Release|Any CPU.Build.0 = Release|Any CPU
		{C238E6D6-8F57-476E-8C0C-01CAF44877CF}.Debug|Any CPU.ActiveCfg = Debug|Any CPU
		{C238E6D6-8F57-476E-8C0C-01CAF44877CF}.Debug|Any CPU.Build.0 = Debug|Any CPU
		{C238E6D6-8F57-476E-8C0C-01CAF44877CF}.MonoDebug|Any CPU.ActiveCfg = Debug|Any CPU
		{C238E6D6-8F57-476E-8C0C-01CAF44877CF}.MonoDebug|Any CPU.Build.0 = Debug|Any CPU
		{C238E6D6-8F57-476E-8C0C-01CAF44877CF}.MonoRelease|Any CPU.ActiveCfg = Release|Any CPU
		{C238E6D6-8F57-476E-8C0C-01CAF44877CF}.MonoRelease|Any CPU.Build.0 = Release|Any CPU
		{C238E6D6-8F57-476E-8C0C-01CAF44877CF}.Release|Any CPU.ActiveCfg = Release|Any CPU
		{C238E6D6-8F57-476E-8C0C-01CAF44877CF}.Release|Any CPU.Build.0 = Release|Any CPU
		{ED638DD5-E755-4B7A-940D-5C94AB425686}.Debug|Any CPU.ActiveCfg = Debug|Any CPU
		{ED638DD5-E755-4B7A-940D-5C94AB425686}.Debug|Any CPU.Build.0 = Debug|Any CPU
		{ED638DD5-E755-4B7A-940D-5C94AB425686}.MonoDebug|Any CPU.ActiveCfg = Debug|Any CPU
		{ED638DD5-E755-4B7A-940D-5C94AB425686}.MonoRelease|Any CPU.ActiveCfg = Release|Any CPU
		{ED638DD5-E755-4B7A-940D-5C94AB425686}.Release|Any CPU.ActiveCfg = Release|Any CPU
		{ED638DD5-E755-4B7A-940D-5C94AB425686}.Release|Any CPU.Build.0 = Release|Any CPU
		{967DB86A-E141-466D-B9C3-2ABAD9FF5487}.Debug|Any CPU.ActiveCfg = Debug|Any CPU
		{967DB86A-E141-466D-B9C3-2ABAD9FF5487}.Debug|Any CPU.Build.0 = Debug|Any CPU
		{967DB86A-E141-466D-B9C3-2ABAD9FF5487}.MonoDebug|Any CPU.ActiveCfg = Debug|Any CPU
		{967DB86A-E141-466D-B9C3-2ABAD9FF5487}.MonoDebug|Any CPU.Build.0 = Debug|Any CPU
		{967DB86A-E141-466D-B9C3-2ABAD9FF5487}.MonoRelease|Any CPU.ActiveCfg = Release|Any CPU
		{967DB86A-E141-466D-B9C3-2ABAD9FF5487}.MonoRelease|Any CPU.Build.0 = Release|Any CPU
		{967DB86A-E141-466D-B9C3-2ABAD9FF5487}.Release|Any CPU.ActiveCfg = Release|Any CPU
		{967DB86A-E141-466D-B9C3-2ABAD9FF5487}.Release|Any CPU.Build.0 = Release|Any CPU
		{5D425D49-AE4E-4EB0-98FF-C263EA3B7976}.Debug|Any CPU.ActiveCfg = Debug|Any CPU
		{5D425D49-AE4E-4EB0-98FF-C263EA3B7976}.Debug|Any CPU.Build.0 = Debug|Any CPU
		{5D425D49-AE4E-4EB0-98FF-C263EA3B7976}.MonoDebug|Any CPU.ActiveCfg = Debug|Any CPU
		{5D425D49-AE4E-4EB0-98FF-C263EA3B7976}.MonoDebug|Any CPU.Build.0 = Debug|Any CPU
		{5D425D49-AE4E-4EB0-98FF-C263EA3B7976}.MonoRelease|Any CPU.ActiveCfg = Release|Any CPU
		{5D425D49-AE4E-4EB0-98FF-C263EA3B7976}.MonoRelease|Any CPU.Build.0 = Release|Any CPU
		{5D425D49-AE4E-4EB0-98FF-C263EA3B7976}.Release|Any CPU.ActiveCfg = Release|Any CPU
		{5D425D49-AE4E-4EB0-98FF-C263EA3B7976}.Release|Any CPU.Build.0 = Release|Any CPU
		{1AC6A459-024B-4465-B2FC-0C9B7494FF91}.Debug|Any CPU.ActiveCfg = Debug|Any CPU
		{1AC6A459-024B-4465-B2FC-0C9B7494FF91}.Debug|Any CPU.Build.0 = Debug|Any CPU
		{1AC6A459-024B-4465-B2FC-0C9B7494FF91}.MonoDebug|Any CPU.ActiveCfg = Debug|Any CPU
		{1AC6A459-024B-4465-B2FC-0C9B7494FF91}.MonoDebug|Any CPU.Build.0 = Debug|Any CPU
		{1AC6A459-024B-4465-B2FC-0C9B7494FF91}.MonoRelease|Any CPU.ActiveCfg = Release|Any CPU
		{1AC6A459-024B-4465-B2FC-0C9B7494FF91}.MonoRelease|Any CPU.Build.0 = Release|Any CPU
		{1AC6A459-024B-4465-B2FC-0C9B7494FF91}.Release|Any CPU.ActiveCfg = Release|Any CPU
		{1AC6A459-024B-4465-B2FC-0C9B7494FF91}.Release|Any CPU.Build.0 = Release|Any CPU
		{5B0ABCF8-5984-46E1-B1A5-6F3FD2BECAA1}.Debug|Any CPU.ActiveCfg = Debug|Any CPU
		{5B0ABCF8-5984-46E1-B1A5-6F3FD2BECAA1}.Debug|Any CPU.Build.0 = Debug|Any CPU
		{5B0ABCF8-5984-46E1-B1A5-6F3FD2BECAA1}.MonoDebug|Any CPU.ActiveCfg = Debug|Any CPU
		{5B0ABCF8-5984-46E1-B1A5-6F3FD2BECAA1}.MonoRelease|Any CPU.ActiveCfg = Release|Any CPU
		{5B0ABCF8-5984-46E1-B1A5-6F3FD2BECAA1}.Release|Any CPU.ActiveCfg = Release|Any CPU
		{5B0ABCF8-5984-46E1-B1A5-6F3FD2BECAA1}.Release|Any CPU.Build.0 = Release|Any CPU
		{D235F566-9AA9-47FD-95F5-5B1ABEBDF035}.Debug|Any CPU.ActiveCfg = Debug|Any CPU
		{D235F566-9AA9-47FD-95F5-5B1ABEBDF035}.Debug|Any CPU.Build.0 = Debug|Any CPU
		{D235F566-9AA9-47FD-95F5-5B1ABEBDF035}.MonoDebug|Any CPU.ActiveCfg = Debug|Any CPU
		{D235F566-9AA9-47FD-95F5-5B1ABEBDF035}.MonoRelease|Any CPU.ActiveCfg = Release|Any CPU
		{D235F566-9AA9-47FD-95F5-5B1ABEBDF035}.Release|Any CPU.ActiveCfg = Release|Any CPU
		{D235F566-9AA9-47FD-95F5-5B1ABEBDF035}.Release|Any CPU.Build.0 = Release|Any CPU
		{14126A3D-F54B-40F0-B630-E1F3BBA61448}.Debug|Any CPU.ActiveCfg = Debug|Any CPU
		{14126A3D-F54B-40F0-B630-E1F3BBA61448}.Debug|Any CPU.Build.0 = Debug|Any CPU
		{14126A3D-F54B-40F0-B630-E1F3BBA61448}.MonoDebug|Any CPU.ActiveCfg = Debug|Any CPU
		{14126A3D-F54B-40F0-B630-E1F3BBA61448}.MonoRelease|Any CPU.ActiveCfg = Release|Any CPU
		{14126A3D-F54B-40F0-B630-E1F3BBA61448}.Release|Any CPU.ActiveCfg = Release|Any CPU
		{14126A3D-F54B-40F0-B630-E1F3BBA61448}.Release|Any CPU.Build.0 = Release|Any CPU
		{11458E6F-FCA6-4D3F-8AAA-10863873BB1C}.Debug|Any CPU.ActiveCfg = Debug|Any CPU
		{11458E6F-FCA6-4D3F-8AAA-10863873BB1C}.Debug|Any CPU.Build.0 = Debug|Any CPU
		{11458E6F-FCA6-4D3F-8AAA-10863873BB1C}.MonoDebug|Any CPU.ActiveCfg = Debug|Any CPU
		{11458E6F-FCA6-4D3F-8AAA-10863873BB1C}.MonoRelease|Any CPU.ActiveCfg = Release|Any CPU
		{11458E6F-FCA6-4D3F-8AAA-10863873BB1C}.Release|Any CPU.ActiveCfg = Release|Any CPU
		{11458E6F-FCA6-4D3F-8AAA-10863873BB1C}.Release|Any CPU.Build.0 = Release|Any CPU
		{81FC9EAA-0A3F-474F-A94E-0716952DF96C}.Debug|Any CPU.ActiveCfg = Debug|Any CPU
		{81FC9EAA-0A3F-474F-A94E-0716952DF96C}.Debug|Any CPU.Build.0 = Debug|Any CPU
		{81FC9EAA-0A3F-474F-A94E-0716952DF96C}.MonoDebug|Any CPU.ActiveCfg = Debug|Any CPU
		{81FC9EAA-0A3F-474F-A94E-0716952DF96C}.MonoRelease|Any CPU.ActiveCfg = Release|Any CPU
		{81FC9EAA-0A3F-474F-A94E-0716952DF96C}.Release|Any CPU.ActiveCfg = Release|Any CPU
		{81FC9EAA-0A3F-474F-A94E-0716952DF96C}.Release|Any CPU.Build.0 = Release|Any CPU
		{80BD23D4-61D7-471A-B9A0-65A5AE8A3DFF}.Debug|Any CPU.ActiveCfg = Debug|Any CPU
		{80BD23D4-61D7-471A-B9A0-65A5AE8A3DFF}.Debug|Any CPU.Build.0 = Debug|Any CPU
		{80BD23D4-61D7-471A-B9A0-65A5AE8A3DFF}.MonoDebug|Any CPU.ActiveCfg = Debug|Any CPU
		{80BD23D4-61D7-471A-B9A0-65A5AE8A3DFF}.MonoRelease|Any CPU.ActiveCfg = Release|Any CPU
		{80BD23D4-61D7-471A-B9A0-65A5AE8A3DFF}.Release|Any CPU.ActiveCfg = Release|Any CPU
		{80BD23D4-61D7-471A-B9A0-65A5AE8A3DFF}.Release|Any CPU.Build.0 = Release|Any CPU
		{B9B50B38-6EEC-4D8F-86E1-E9F35955E527}.Debug|Any CPU.ActiveCfg = Debug|Any CPU
		{B9B50B38-6EEC-4D8F-86E1-E9F35955E527}.Debug|Any CPU.Build.0 = Debug|Any CPU
		{B9B50B38-6EEC-4D8F-86E1-E9F35955E527}.MonoDebug|Any CPU.ActiveCfg = Debug|Any CPU
		{B9B50B38-6EEC-4D8F-86E1-E9F35955E527}.MonoRelease|Any CPU.ActiveCfg = Release|Any CPU
		{B9B50B38-6EEC-4D8F-86E1-E9F35955E527}.Release|Any CPU.ActiveCfg = Release|Any CPU
		{B9B50B38-6EEC-4D8F-86E1-E9F35955E527}.Release|Any CPU.Build.0 = Release|Any CPU
		{61DCBBF9-D271-4EED-B767-F9877BB85F8F}.Debug|Any CPU.ActiveCfg = Debug|Any CPU
		{61DCBBF9-D271-4EED-B767-F9877BB85F8F}.Debug|Any CPU.Build.0 = Debug|Any CPU
		{61DCBBF9-D271-4EED-B767-F9877BB85F8F}.MonoDebug|Any CPU.ActiveCfg = Debug|Any CPU
		{61DCBBF9-D271-4EED-B767-F9877BB85F8F}.MonoRelease|Any CPU.ActiveCfg = Release|Any CPU
		{61DCBBF9-D271-4EED-B767-F9877BB85F8F}.Release|Any CPU.ActiveCfg = Release|Any CPU
		{61DCBBF9-D271-4EED-B767-F9877BB85F8F}.Release|Any CPU.Build.0 = Release|Any CPU
		{957BD4B9-8F6B-49E5-A2A0-73CF1FF0C3F0}.Debug|Any CPU.ActiveCfg = Debug|Any CPU
		{957BD4B9-8F6B-49E5-A2A0-73CF1FF0C3F0}.Debug|Any CPU.Build.0 = Debug|Any CPU
		{957BD4B9-8F6B-49E5-A2A0-73CF1FF0C3F0}.MonoDebug|Any CPU.ActiveCfg = Debug|Any CPU
		{957BD4B9-8F6B-49E5-A2A0-73CF1FF0C3F0}.MonoRelease|Any CPU.ActiveCfg = Release|Any CPU
		{957BD4B9-8F6B-49E5-A2A0-73CF1FF0C3F0}.Release|Any CPU.ActiveCfg = Release|Any CPU
		{957BD4B9-8F6B-49E5-A2A0-73CF1FF0C3F0}.Release|Any CPU.Build.0 = Release|Any CPU
		{6931CDBD-3EA0-4957-80B1-237B14D6A3AA}.Debug|Any CPU.ActiveCfg = Debug|Any CPU
		{6931CDBD-3EA0-4957-80B1-237B14D6A3AA}.Debug|Any CPU.Build.0 = Debug|Any CPU
		{6931CDBD-3EA0-4957-80B1-237B14D6A3AA}.MonoDebug|Any CPU.ActiveCfg = Debug|Any CPU
		{6931CDBD-3EA0-4957-80B1-237B14D6A3AA}.MonoRelease|Any CPU.ActiveCfg = Release|Any CPU
		{6931CDBD-3EA0-4957-80B1-237B14D6A3AA}.Release|Any CPU.ActiveCfg = Release|Any CPU
		{6931CDBD-3EA0-4957-80B1-237B14D6A3AA}.Release|Any CPU.Build.0 = Release|Any CPU
		{18D3AB89-EC20-4685-B0BD-57C87C5C3495}.Debug|Any CPU.ActiveCfg = Debug|Any CPU
		{18D3AB89-EC20-4685-B0BD-57C87C5C3495}.Debug|Any CPU.Build.0 = Debug|Any CPU
		{18D3AB89-EC20-4685-B0BD-57C87C5C3495}.MonoDebug|Any CPU.ActiveCfg = Debug|Any CPU
		{18D3AB89-EC20-4685-B0BD-57C87C5C3495}.MonoRelease|Any CPU.ActiveCfg = Release|Any CPU
		{18D3AB89-EC20-4685-B0BD-57C87C5C3495}.Release|Any CPU.ActiveCfg = Release|Any CPU
		{18D3AB89-EC20-4685-B0BD-57C87C5C3495}.Release|Any CPU.Build.0 = Release|Any CPU
		{DD94160D-88E7-4590-8707-891024976316}.Debug|Any CPU.ActiveCfg = Debug|Any CPU
		{DD94160D-88E7-4590-8707-891024976316}.Debug|Any CPU.Build.0 = Debug|Any CPU
		{DD94160D-88E7-4590-8707-891024976316}.MonoDebug|Any CPU.ActiveCfg = Debug|Any CPU
		{DD94160D-88E7-4590-8707-891024976316}.MonoRelease|Any CPU.ActiveCfg = Release|Any CPU
		{DD94160D-88E7-4590-8707-891024976316}.Release|Any CPU.ActiveCfg = Release|Any CPU
		{DD94160D-88E7-4590-8707-891024976316}.Release|Any CPU.Build.0 = Release|Any CPU
		{C9BDE461-74E7-4615-A61B-993B372F0EB3}.Debug|Any CPU.ActiveCfg = Debug|Any CPU
		{C9BDE461-74E7-4615-A61B-993B372F0EB3}.Debug|Any CPU.Build.0 = Debug|Any CPU
		{C9BDE461-74E7-4615-A61B-993B372F0EB3}.MonoDebug|Any CPU.ActiveCfg = Debug|Any CPU
		{C9BDE461-74E7-4615-A61B-993B372F0EB3}.MonoRelease|Any CPU.ActiveCfg = Release|Any CPU
		{C9BDE461-74E7-4615-A61B-993B372F0EB3}.Release|Any CPU.ActiveCfg = Release|Any CPU
		{C9BDE461-74E7-4615-A61B-993B372F0EB3}.Release|Any CPU.Build.0 = Release|Any CPU
		{8D2AD71F-E6D2-44E5-BD9E-11FF68EF3A6D}.Debug|Any CPU.ActiveCfg = Debug|Any CPU
		{8D2AD71F-E6D2-44E5-BD9E-11FF68EF3A6D}.Debug|Any CPU.Build.0 = Debug|Any CPU
		{8D2AD71F-E6D2-44E5-BD9E-11FF68EF3A6D}.MonoDebug|Any CPU.ActiveCfg = Debug|Any CPU
		{8D2AD71F-E6D2-44E5-BD9E-11FF68EF3A6D}.MonoRelease|Any CPU.ActiveCfg = Release|Any CPU
		{8D2AD71F-E6D2-44E5-BD9E-11FF68EF3A6D}.Release|Any CPU.ActiveCfg = Release|Any CPU
		{8D2AD71F-E6D2-44E5-BD9E-11FF68EF3A6D}.Release|Any CPU.Build.0 = Release|Any CPU
		{98057A7D-BAD4-4578-A408-955CA0A7523F}.Debug|Any CPU.ActiveCfg = Debug|Any CPU
		{98057A7D-BAD4-4578-A408-955CA0A7523F}.Debug|Any CPU.Build.0 = Debug|Any CPU
		{98057A7D-BAD4-4578-A408-955CA0A7523F}.MonoDebug|Any CPU.ActiveCfg = Debug|Any CPU
		{98057A7D-BAD4-4578-A408-955CA0A7523F}.MonoRelease|Any CPU.ActiveCfg = Release|Any CPU
		{98057A7D-BAD4-4578-A408-955CA0A7523F}.Release|Any CPU.ActiveCfg = Release|Any CPU
		{98057A7D-BAD4-4578-A408-955CA0A7523F}.Release|Any CPU.Build.0 = Release|Any CPU
		{BEDBF9BA-5710-4F01-A88D-E7D217BA5164}.Debug|Any CPU.ActiveCfg = Debug|Any CPU
		{BEDBF9BA-5710-4F01-A88D-E7D217BA5164}.Debug|Any CPU.Build.0 = Debug|Any CPU
		{BEDBF9BA-5710-4F01-A88D-E7D217BA5164}.MonoDebug|Any CPU.ActiveCfg = Debug|Any CPU
		{BEDBF9BA-5710-4F01-A88D-E7D217BA5164}.MonoRelease|Any CPU.ActiveCfg = Release|Any CPU
		{BEDBF9BA-5710-4F01-A88D-E7D217BA5164}.Release|Any CPU.ActiveCfg = Release|Any CPU
		{BEDBF9BA-5710-4F01-A88D-E7D217BA5164}.Release|Any CPU.Build.0 = Release|Any CPU
		{731C14E0-8E69-4BEA-A189-C62C40BC77CA}.Debug|Any CPU.ActiveCfg = Debug|Any CPU
		{731C14E0-8E69-4BEA-A189-C62C40BC77CA}.Debug|Any CPU.Build.0 = Debug|Any CPU
		{731C14E0-8E69-4BEA-A189-C62C40BC77CA}.MonoDebug|Any CPU.ActiveCfg = Debug|Any CPU
		{731C14E0-8E69-4BEA-A189-C62C40BC77CA}.MonoRelease|Any CPU.ActiveCfg = Release|Any CPU
		{731C14E0-8E69-4BEA-A189-C62C40BC77CA}.Release|Any CPU.ActiveCfg = Release|Any CPU
		{731C14E0-8E69-4BEA-A189-C62C40BC77CA}.Release|Any CPU.Build.0 = Release|Any CPU
		{99C72578-05A3-4F67-87F6-280118C4C791}.Debug|Any CPU.ActiveCfg = Debug|Any CPU
		{99C72578-05A3-4F67-87F6-280118C4C791}.Debug|Any CPU.Build.0 = Debug|Any CPU
		{99C72578-05A3-4F67-87F6-280118C4C791}.MonoDebug|Any CPU.ActiveCfg = Debug|Any CPU
		{99C72578-05A3-4F67-87F6-280118C4C791}.MonoRelease|Any CPU.ActiveCfg = Release|Any CPU
		{99C72578-05A3-4F67-87F6-280118C4C791}.Release|Any CPU.ActiveCfg = Release|Any CPU
		{99C72578-05A3-4F67-87F6-280118C4C791}.Release|Any CPU.Build.0 = Release|Any CPU
		{00668419-21AD-4310-B511-C2A1C6D9DCDF}.Debug|Any CPU.ActiveCfg = Debug|Any CPU
		{00668419-21AD-4310-B511-C2A1C6D9DCDF}.Debug|Any CPU.Build.0 = Debug|Any CPU
		{00668419-21AD-4310-B511-C2A1C6D9DCDF}.MonoDebug|Any CPU.ActiveCfg = Debug|Any CPU
		{00668419-21AD-4310-B511-C2A1C6D9DCDF}.MonoRelease|Any CPU.ActiveCfg = Release|Any CPU
		{00668419-21AD-4310-B511-C2A1C6D9DCDF}.Release|Any CPU.ActiveCfg = Release|Any CPU
		{00668419-21AD-4310-B511-C2A1C6D9DCDF}.Release|Any CPU.Build.0 = Release|Any CPU
		{2E7E7B3B-B78C-4A84-AA69-77C467C5E04D}.Debug|Any CPU.ActiveCfg = Debug|Any CPU
		{2E7E7B3B-B78C-4A84-AA69-77C467C5E04D}.Debug|Any CPU.Build.0 = Debug|Any CPU
		{2E7E7B3B-B78C-4A84-AA69-77C467C5E04D}.MonoDebug|Any CPU.ActiveCfg = Debug|Any CPU
		{2E7E7B3B-B78C-4A84-AA69-77C467C5E04D}.MonoRelease|Any CPU.ActiveCfg = Release|Any CPU
		{2E7E7B3B-B78C-4A84-AA69-77C467C5E04D}.Release|Any CPU.ActiveCfg = Release|Any CPU
		{2E7E7B3B-B78C-4A84-AA69-77C467C5E04D}.Release|Any CPU.Build.0 = Release|Any CPU
		{E4914C92-724A-44C4-871F-E1DB3DD02E45}.Debug|Any CPU.ActiveCfg = Debug|Any CPU
		{E4914C92-724A-44C4-871F-E1DB3DD02E45}.Debug|Any CPU.Build.0 = Debug|Any CPU
		{E4914C92-724A-44C4-871F-E1DB3DD02E45}.MonoDebug|Any CPU.ActiveCfg = Debug|Any CPU
		{E4914C92-724A-44C4-871F-E1DB3DD02E45}.MonoRelease|Any CPU.ActiveCfg = Release|Any CPU
		{E4914C92-724A-44C4-871F-E1DB3DD02E45}.Release|Any CPU.ActiveCfg = Release|Any CPU
		{E4914C92-724A-44C4-871F-E1DB3DD02E45}.Release|Any CPU.Build.0 = Release|Any CPU
		{3A2D132A-8166-43C0-84CB-83D0367D6AA4}.Debug|Any CPU.ActiveCfg = Debug|Any CPU
		{3A2D132A-8166-43C0-84CB-83D0367D6AA4}.Debug|Any CPU.Build.0 = Debug|Any CPU
		{3A2D132A-8166-43C0-84CB-83D0367D6AA4}.MonoDebug|Any CPU.ActiveCfg = Debug|Any CPU
		{3A2D132A-8166-43C0-84CB-83D0367D6AA4}.MonoRelease|Any CPU.ActiveCfg = Release|Any CPU
		{3A2D132A-8166-43C0-84CB-83D0367D6AA4}.Release|Any CPU.ActiveCfg = Release|Any CPU
		{3A2D132A-8166-43C0-84CB-83D0367D6AA4}.Release|Any CPU.Build.0 = Release|Any CPU
		{CEA1E1FE-102D-4221-A9C1-6779FF318043}.Debug|Any CPU.ActiveCfg = Debug|Any CPU
		{CEA1E1FE-102D-4221-A9C1-6779FF318043}.Debug|Any CPU.Build.0 = Debug|Any CPU
		{CEA1E1FE-102D-4221-A9C1-6779FF318043}.MonoDebug|Any CPU.ActiveCfg = Debug|Any CPU
		{CEA1E1FE-102D-4221-A9C1-6779FF318043}.MonoRelease|Any CPU.ActiveCfg = Release|Any CPU
		{CEA1E1FE-102D-4221-A9C1-6779FF318043}.Release|Any CPU.ActiveCfg = Release|Any CPU
		{CEA1E1FE-102D-4221-A9C1-6779FF318043}.Release|Any CPU.Build.0 = Release|Any CPU
		{CAA40BD4-DD05-42C9-9E53-84C95268D072}.Debug|Any CPU.ActiveCfg = Debug|Any CPU
		{CAA40BD4-DD05-42C9-9E53-84C95268D072}.Debug|Any CPU.Build.0 = Debug|Any CPU
		{CAA40BD4-DD05-42C9-9E53-84C95268D072}.MonoDebug|Any CPU.ActiveCfg = Debug|Any CPU
		{CAA40BD4-DD05-42C9-9E53-84C95268D072}.MonoRelease|Any CPU.ActiveCfg = Release|Any CPU
		{CAA40BD4-DD05-42C9-9E53-84C95268D072}.Release|Any CPU.ActiveCfg = Release|Any CPU
		{CAA40BD4-DD05-42C9-9E53-84C95268D072}.Release|Any CPU.Build.0 = Release|Any CPU
		{DD39C8B6-65F0-407F-AF12-C6B80B977D7B}.Debug|Any CPU.ActiveCfg = Debug|Any CPU
		{DD39C8B6-65F0-407F-AF12-C6B80B977D7B}.Debug|Any CPU.Build.0 = Debug|Any CPU
		{DD39C8B6-65F0-407F-AF12-C6B80B977D7B}.MonoDebug|Any CPU.ActiveCfg = Debug|Any CPU
		{DD39C8B6-65F0-407F-AF12-C6B80B977D7B}.MonoRelease|Any CPU.ActiveCfg = Release|Any CPU
		{DD39C8B6-65F0-407F-AF12-C6B80B977D7B}.Release|Any CPU.ActiveCfg = Release|Any CPU
		{DD39C8B6-65F0-407F-AF12-C6B80B977D7B}.Release|Any CPU.Build.0 = Release|Any CPU
		{E8ED7030-9672-41D8-A06F-B3AF1464DBA6}.Debug|Any CPU.ActiveCfg = Debug|Any CPU
		{E8ED7030-9672-41D8-A06F-B3AF1464DBA6}.Debug|Any CPU.Build.0 = Debug|Any CPU
		{E8ED7030-9672-41D8-A06F-B3AF1464DBA6}.MonoDebug|Any CPU.ActiveCfg = Debug|Any CPU
		{E8ED7030-9672-41D8-A06F-B3AF1464DBA6}.MonoRelease|Any CPU.ActiveCfg = Release|Any CPU
		{E8ED7030-9672-41D8-A06F-B3AF1464DBA6}.Release|Any CPU.ActiveCfg = Release|Any CPU
		{E8ED7030-9672-41D8-A06F-B3AF1464DBA6}.Release|Any CPU.Build.0 = Release|Any CPU
		{74AC8CC6-6CB2-4F64-B59C-0BF7125181A9}.Debug|Any CPU.ActiveCfg = Debug|Any CPU
		{74AC8CC6-6CB2-4F64-B59C-0BF7125181A9}.Debug|Any CPU.Build.0 = Debug|Any CPU
		{74AC8CC6-6CB2-4F64-B59C-0BF7125181A9}.MonoDebug|Any CPU.ActiveCfg = Debug|Any CPU
		{74AC8CC6-6CB2-4F64-B59C-0BF7125181A9}.MonoRelease|Any CPU.ActiveCfg = Release|Any CPU
		{74AC8CC6-6CB2-4F64-B59C-0BF7125181A9}.Release|Any CPU.ActiveCfg = Release|Any CPU
		{74AC8CC6-6CB2-4F64-B59C-0BF7125181A9}.Release|Any CPU.Build.0 = Release|Any CPU
		{574121EA-C530-4448-A05B-EAAE86BA79D3}.Debug|Any CPU.ActiveCfg = Debug|Any CPU
		{574121EA-C530-4448-A05B-EAAE86BA79D3}.Debug|Any CPU.Build.0 = Debug|Any CPU
		{574121EA-C530-4448-A05B-EAAE86BA79D3}.MonoDebug|Any CPU.ActiveCfg = Debug|Any CPU
		{574121EA-C530-4448-A05B-EAAE86BA79D3}.MonoRelease|Any CPU.ActiveCfg = Release|Any CPU
		{574121EA-C530-4448-A05B-EAAE86BA79D3}.Release|Any CPU.ActiveCfg = Release|Any CPU
		{574121EA-C530-4448-A05B-EAAE86BA79D3}.Release|Any CPU.Build.0 = Release|Any CPU
		{734172ED-E742-4FA0-A5D3-B6BBB581807C}.Debug|Any CPU.ActiveCfg = Debug|Any CPU
		{734172ED-E742-4FA0-A5D3-B6BBB581807C}.Debug|Any CPU.Build.0 = Debug|Any CPU
		{734172ED-E742-4FA0-A5D3-B6BBB581807C}.MonoDebug|Any CPU.ActiveCfg = Debug|Any CPU
		{734172ED-E742-4FA0-A5D3-B6BBB581807C}.MonoRelease|Any CPU.ActiveCfg = Release|Any CPU
		{734172ED-E742-4FA0-A5D3-B6BBB581807C}.Release|Any CPU.ActiveCfg = Release|Any CPU
		{734172ED-E742-4FA0-A5D3-B6BBB581807C}.Release|Any CPU.Build.0 = Release|Any CPU
		{D2CDE097-46F9-4C22-8E7C-84EFC8BB60A6}.Debug|Any CPU.ActiveCfg = Debug|Any CPU
		{D2CDE097-46F9-4C22-8E7C-84EFC8BB60A6}.Debug|Any CPU.Build.0 = Debug|Any CPU
		{D2CDE097-46F9-4C22-8E7C-84EFC8BB60A6}.MonoDebug|Any CPU.ActiveCfg = Debug|Any CPU
		{D2CDE097-46F9-4C22-8E7C-84EFC8BB60A6}.MonoDebug|Any CPU.Build.0 = Debug|Any CPU
		{D2CDE097-46F9-4C22-8E7C-84EFC8BB60A6}.MonoRelease|Any CPU.ActiveCfg = Release|Any CPU
		{D2CDE097-46F9-4C22-8E7C-84EFC8BB60A6}.MonoRelease|Any CPU.Build.0 = Release|Any CPU
		{D2CDE097-46F9-4C22-8E7C-84EFC8BB60A6}.Release|Any CPU.ActiveCfg = Release|Any CPU
		{D2CDE097-46F9-4C22-8E7C-84EFC8BB60A6}.Release|Any CPU.Build.0 = Release|Any CPU
		{E2F47E4A-F891-4FD6-A269-89C42595361D}.Debug|Any CPU.ActiveCfg = Debug|Any CPU
		{E2F47E4A-F891-4FD6-A269-89C42595361D}.Debug|Any CPU.Build.0 = Debug|Any CPU
		{E2F47E4A-F891-4FD6-A269-89C42595361D}.MonoDebug|Any CPU.ActiveCfg = Debug|Any CPU
		{E2F47E4A-F891-4FD6-A269-89C42595361D}.MonoRelease|Any CPU.ActiveCfg = Release|Any CPU
		{E2F47E4A-F891-4FD6-A269-89C42595361D}.Release|Any CPU.ActiveCfg = Release|Any CPU
		{E2F47E4A-F891-4FD6-A269-89C42595361D}.Release|Any CPU.Build.0 = Release|Any CPU
		{AE74AB7B-A81A-4479-8E82-FF539682A852}.Debug|Any CPU.ActiveCfg = Debug|Any CPU
		{AE74AB7B-A81A-4479-8E82-FF539682A852}.Debug|Any CPU.Build.0 = Debug|Any CPU
		{AE74AB7B-A81A-4479-8E82-FF539682A852}.MonoDebug|Any CPU.ActiveCfg = Debug|Any CPU
		{AE74AB7B-A81A-4479-8E82-FF539682A852}.MonoDebug|Any CPU.Build.0 = Debug|Any CPU
		{AE74AB7B-A81A-4479-8E82-FF539682A852}.MonoRelease|Any CPU.ActiveCfg = Release|Any CPU
		{AE74AB7B-A81A-4479-8E82-FF539682A852}.MonoRelease|Any CPU.Build.0 = Release|Any CPU
		{AE74AB7B-A81A-4479-8E82-FF539682A852}.Release|Any CPU.ActiveCfg = Release|Any CPU
		{AE74AB7B-A81A-4479-8E82-FF539682A852}.Release|Any CPU.Build.0 = Release|Any CPU
		{4237E7E7-1706-4BBD-86AC-7D1EF3CA5C03}.Debug|Any CPU.ActiveCfg = Debug|Any CPU
		{4237E7E7-1706-4BBD-86AC-7D1EF3CA5C03}.Debug|Any CPU.Build.0 = Debug|Any CPU
		{4237E7E7-1706-4BBD-86AC-7D1EF3CA5C03}.MonoDebug|Any CPU.ActiveCfg = Debug|Any CPU
		{4237E7E7-1706-4BBD-86AC-7D1EF3CA5C03}.MonoDebug|Any CPU.Build.0 = Debug|Any CPU
		{4237E7E7-1706-4BBD-86AC-7D1EF3CA5C03}.MonoRelease|Any CPU.ActiveCfg = Release|Any CPU
		{4237E7E7-1706-4BBD-86AC-7D1EF3CA5C03}.MonoRelease|Any CPU.Build.0 = Release|Any CPU
		{4237E7E7-1706-4BBD-86AC-7D1EF3CA5C03}.Release|Any CPU.ActiveCfg = Release|Any CPU
		{4237E7E7-1706-4BBD-86AC-7D1EF3CA5C03}.Release|Any CPU.Build.0 = Release|Any CPU
		{B4F9C525-5C56-440E-B4C2-972A33D7C8CD}.Debug|Any CPU.ActiveCfg = Debug|Any CPU
		{B4F9C525-5C56-440E-B4C2-972A33D7C8CD}.Debug|Any CPU.Build.0 = Debug|Any CPU
		{B4F9C525-5C56-440E-B4C2-972A33D7C8CD}.MonoDebug|Any CPU.ActiveCfg = Debug|Any CPU
		{B4F9C525-5C56-440E-B4C2-972A33D7C8CD}.MonoDebug|Any CPU.Build.0 = Debug|Any CPU
		{B4F9C525-5C56-440E-B4C2-972A33D7C8CD}.MonoRelease|Any CPU.ActiveCfg = Release|Any CPU
		{B4F9C525-5C56-440E-B4C2-972A33D7C8CD}.MonoRelease|Any CPU.Build.0 = Release|Any CPU
		{B4F9C525-5C56-440E-B4C2-972A33D7C8CD}.Release|Any CPU.ActiveCfg = Release|Any CPU
		{B4F9C525-5C56-440E-B4C2-972A33D7C8CD}.Release|Any CPU.Build.0 = Release|Any CPU
		{EFCAA573-3860-4E60-9B65-AE713763933B}.Debug|Any CPU.ActiveCfg = Debug|Any CPU
		{EFCAA573-3860-4E60-9B65-AE713763933B}.Debug|Any CPU.Build.0 = Debug|Any CPU
		{EFCAA573-3860-4E60-9B65-AE713763933B}.MonoDebug|Any CPU.ActiveCfg = Debug|Any CPU
		{EFCAA573-3860-4E60-9B65-AE713763933B}.MonoDebug|Any CPU.Build.0 = Debug|Any CPU
		{EFCAA573-3860-4E60-9B65-AE713763933B}.MonoRelease|Any CPU.ActiveCfg = Release|Any CPU
		{EFCAA573-3860-4E60-9B65-AE713763933B}.MonoRelease|Any CPU.Build.0 = Release|Any CPU
		{EFCAA573-3860-4E60-9B65-AE713763933B}.Release|Any CPU.ActiveCfg = Release|Any CPU
		{EFCAA573-3860-4E60-9B65-AE713763933B}.Release|Any CPU.Build.0 = Release|Any CPU
		{F83DA28B-F37E-4412-A3D6-7E17ADAEA318}.Debug|Any CPU.ActiveCfg = Debug|Any CPU
		{F83DA28B-F37E-4412-A3D6-7E17ADAEA318}.Debug|Any CPU.Build.0 = Debug|Any CPU
		{F83DA28B-F37E-4412-A3D6-7E17ADAEA318}.MonoDebug|Any CPU.ActiveCfg = Debug|Any CPU
		{F83DA28B-F37E-4412-A3D6-7E17ADAEA318}.MonoDebug|Any CPU.Build.0 = Debug|Any CPU
		{F83DA28B-F37E-4412-A3D6-7E17ADAEA318}.MonoRelease|Any CPU.ActiveCfg = Release|Any CPU
		{F83DA28B-F37E-4412-A3D6-7E17ADAEA318}.MonoRelease|Any CPU.Build.0 = Release|Any CPU
		{F83DA28B-F37E-4412-A3D6-7E17ADAEA318}.Release|Any CPU.ActiveCfg = Release|Any CPU
		{F83DA28B-F37E-4412-A3D6-7E17ADAEA318}.Release|Any CPU.Build.0 = Release|Any CPU
		{E2281E99-B90F-4615-9F63-D46B024EB5AB}.Debug|Any CPU.ActiveCfg = Debug|Any CPU
		{E2281E99-B90F-4615-9F63-D46B024EB5AB}.Debug|Any CPU.Build.0 = Debug|Any CPU
		{E2281E99-B90F-4615-9F63-D46B024EB5AB}.MonoDebug|Any CPU.ActiveCfg = Debug|Any CPU
		{E2281E99-B90F-4615-9F63-D46B024EB5AB}.MonoDebug|Any CPU.Build.0 = Debug|Any CPU
		{E2281E99-B90F-4615-9F63-D46B024EB5AB}.MonoRelease|Any CPU.ActiveCfg = Release|Any CPU
		{E2281E99-B90F-4615-9F63-D46B024EB5AB}.MonoRelease|Any CPU.Build.0 = Release|Any CPU
		{E2281E99-B90F-4615-9F63-D46B024EB5AB}.Release|Any CPU.ActiveCfg = Release|Any CPU
		{E2281E99-B90F-4615-9F63-D46B024EB5AB}.Release|Any CPU.Build.0 = Release|Any CPU
		{F82044A3-E321-49F4-91BD-878561FE54B7}.Debug|Any CPU.ActiveCfg = Debug|Any CPU
		{F82044A3-E321-49F4-91BD-878561FE54B7}.Debug|Any CPU.Build.0 = Debug|Any CPU
		{F82044A3-E321-49F4-91BD-878561FE54B7}.MonoDebug|Any CPU.ActiveCfg = Debug|Any CPU
		{F82044A3-E321-49F4-91BD-878561FE54B7}.MonoDebug|Any CPU.Build.0 = Debug|Any CPU
		{F82044A3-E321-49F4-91BD-878561FE54B7}.MonoRelease|Any CPU.ActiveCfg = Release|Any CPU
		{F82044A3-E321-49F4-91BD-878561FE54B7}.MonoRelease|Any CPU.Build.0 = Release|Any CPU
		{F82044A3-E321-49F4-91BD-878561FE54B7}.Release|Any CPU.ActiveCfg = Release|Any CPU
		{F82044A3-E321-49F4-91BD-878561FE54B7}.Release|Any CPU.Build.0 = Release|Any CPU
		{07171AC5-6497-40C0-A465-2B0A04784285}.Debug|Any CPU.ActiveCfg = Debug|Any CPU
		{07171AC5-6497-40C0-A465-2B0A04784285}.Debug|Any CPU.Build.0 = Debug|Any CPU
		{07171AC5-6497-40C0-A465-2B0A04784285}.MonoDebug|Any CPU.ActiveCfg = Debug|Any CPU
		{07171AC5-6497-40C0-A465-2B0A04784285}.MonoDebug|Any CPU.Build.0 = Debug|Any CPU
		{07171AC5-6497-40C0-A465-2B0A04784285}.MonoRelease|Any CPU.ActiveCfg = Release|Any CPU
		{07171AC5-6497-40C0-A465-2B0A04784285}.MonoRelease|Any CPU.Build.0 = Release|Any CPU
		{07171AC5-6497-40C0-A465-2B0A04784285}.Release|Any CPU.ActiveCfg = Release|Any CPU
		{07171AC5-6497-40C0-A465-2B0A04784285}.Release|Any CPU.Build.0 = Release|Any CPU
		{34141527-7D87-4857-A472-2CBDC746C98D}.Debug|Any CPU.ActiveCfg = Debug|Any CPU
		{34141527-7D87-4857-A472-2CBDC746C98D}.Debug|Any CPU.Build.0 = Debug|Any CPU
		{34141527-7D87-4857-A472-2CBDC746C98D}.MonoDebug|Any CPU.ActiveCfg = Debug|Any CPU
		{34141527-7D87-4857-A472-2CBDC746C98D}.MonoDebug|Any CPU.Build.0 = Debug|Any CPU
		{34141527-7D87-4857-A472-2CBDC746C98D}.MonoRelease|Any CPU.ActiveCfg = Release|Any CPU
		{34141527-7D87-4857-A472-2CBDC746C98D}.MonoRelease|Any CPU.Build.0 = Release|Any CPU
		{34141527-7D87-4857-A472-2CBDC746C98D}.Release|Any CPU.ActiveCfg = Release|Any CPU
		{34141527-7D87-4857-A472-2CBDC746C98D}.Release|Any CPU.Build.0 = Release|Any CPU
		{5964734E-7B1D-43D0-84BC-A3A3957C2335}.Debug|Any CPU.ActiveCfg = Debug|Any CPU
		{5964734E-7B1D-43D0-84BC-A3A3957C2335}.Debug|Any CPU.Build.0 = Debug|Any CPU
		{5964734E-7B1D-43D0-84BC-A3A3957C2335}.MonoDebug|Any CPU.ActiveCfg = Debug|Any CPU
		{5964734E-7B1D-43D0-84BC-A3A3957C2335}.MonoDebug|Any CPU.Build.0 = Debug|Any CPU
		{5964734E-7B1D-43D0-84BC-A3A3957C2335}.MonoRelease|Any CPU.ActiveCfg = Release|Any CPU
		{5964734E-7B1D-43D0-84BC-A3A3957C2335}.MonoRelease|Any CPU.Build.0 = Release|Any CPU
		{5964734E-7B1D-43D0-84BC-A3A3957C2335}.Release|Any CPU.ActiveCfg = Release|Any CPU
		{5964734E-7B1D-43D0-84BC-A3A3957C2335}.Release|Any CPU.Build.0 = Release|Any CPU
	EndGlobalSection
	GlobalSection(SolutionProperties) = preSolution
		HideSolutionNode = FALSE
	EndGlobalSection
	GlobalSection(NestedProjects) = preSolution
		{9C3F94A5-3C97-4D86-A193-8AC4CFB0889A} = {281DF20E-FF00-407C-958F-638B2791FF40}
		{2338D97A-0483-4335-9609-83D8C245FD4A} = {281DF20E-FF00-407C-958F-638B2791FF40}
		{0EAAD289-F938-4986-B42C-A5B5A6A601AC} = {281DF20E-FF00-407C-958F-638B2791FF40}
		{E395645B-42EA-447E-AF4F-26D70B5C2E81} = {281DF20E-FF00-407C-958F-638B2791FF40}
		{DFC7DFC8-1C33-4061-90AF-51405D8E8793} = {281DF20E-FF00-407C-958F-638B2791FF40}
		{01AD0AE7-BA8F-4B0D-A6A7-770AAD7512AF} = {9C3F94A5-3C97-4D86-A193-8AC4CFB0889A}
		{C238E6D6-8F57-476E-8C0C-01CAF44877CF} = {9C3F94A5-3C97-4D86-A193-8AC4CFB0889A}
		{CCAFCF11-9900-45B2-B5A9-33205FE53999} = {E395645B-42EA-447E-AF4F-26D70B5C2E81}
		{EE01F6BA-D18F-4958-81E3-0B9984F6F5ED} = {CCAFCF11-9900-45B2-B5A9-33205FE53999}
		{EA4E1FF1-8581-4680-AA28-126294163093} = {CCAFCF11-9900-45B2-B5A9-33205FE53999}
		{74859ECC-2E2E-4016-8689-2FB29CDBBB02} = {CCAFCF11-9900-45B2-B5A9-33205FE53999}
		{66A147BE-D663-490E-8A47-27340621DE47} = {CCAFCF11-9900-45B2-B5A9-33205FE53999}
		{ED638DD5-E755-4B7A-940D-5C94AB425686} = {CCAFCF11-9900-45B2-B5A9-33205FE53999}
		{967DB86A-E141-466D-B9C3-2ABAD9FF5487} = {CCAFCF11-9900-45B2-B5A9-33205FE53999}
		{DFAEAA9F-3F6A-4BD4-8836-D2294D15A6A8} = {66A147BE-D663-490E-8A47-27340621DE47}
		{1AC6A459-024B-4465-B2FC-0C9B7494FF91} = {66A147BE-D663-490E-8A47-27340621DE47}
		{F83DA28B-F37E-4412-A3D6-7E17ADAEA318} = {52719D3B-77DF-400B-B8A9-31708CB09EC1}
		{AE74AB7B-A81A-4479-8E82-FF539682A852} = {EC3723EC-1950-4823-8508-4CB184F56B56}
		{4237E7E7-1706-4BBD-86AC-7D1EF3CA5C03} = {EC3723EC-1950-4823-8508-4CB184F56B56}
		{5B0ABCF8-5984-46E1-B1A5-6F3FD2BECAA1} = {B9BF0216-FE5E-4ADE-B094-A1FD2B1D3628}
		{7A71C4A8-CF8A-4C65-A0A8-9C810EB9EC28} = {B9BF0216-FE5E-4ADE-B094-A1FD2B1D3628}
		{15888ECE-F59A-427B-B092-7ED5E4494AD7} = {B9BF0216-FE5E-4ADE-B094-A1FD2B1D3628}
		{058C2D74-B352-493E-BA2D-616CEC3E98F8} = {B9BF0216-FE5E-4ADE-B094-A1FD2B1D3628}
		{20B8F953-C0DF-4EB0-8DC7-7B733ACE0B22} = {B9BF0216-FE5E-4ADE-B094-A1FD2B1D3628}
		{F0DD6C1C-8FB6-44E1-8653-5975137EC908} = {B9BF0216-FE5E-4ADE-B094-A1FD2B1D3628}
		{DDAFC8C3-6F91-4582-9323-ABB3055FC701} = {B9BF0216-FE5E-4ADE-B094-A1FD2B1D3628}
		{E2F47E4A-F891-4FD6-A269-89C42595361D} = {B9BF0216-FE5E-4ADE-B094-A1FD2B1D3628}
		{14126A3D-F54B-40F0-B630-E1F3BBA61448} = {7A71C4A8-CF8A-4C65-A0A8-9C810EB9EC28}
		{11458E6F-FCA6-4D3F-8AAA-10863873BB1C} = {7A71C4A8-CF8A-4C65-A0A8-9C810EB9EC28}
		{81FC9EAA-0A3F-474F-A94E-0716952DF96C} = {7A71C4A8-CF8A-4C65-A0A8-9C810EB9EC28}
		{D235F566-9AA9-47FD-95F5-5B1ABEBDF035} = {7A71C4A8-CF8A-4C65-A0A8-9C810EB9EC28}
		{BEDBF9BA-5710-4F01-A88D-E7D217BA5164} = {7A71C4A8-CF8A-4C65-A0A8-9C810EB9EC28}
		{CEA1E1FE-102D-4221-A9C1-6779FF318043} = {7A71C4A8-CF8A-4C65-A0A8-9C810EB9EC28}
		{CAA40BD4-DD05-42C9-9E53-84C95268D072} = {7A71C4A8-CF8A-4C65-A0A8-9C810EB9EC28}
		{80BD23D4-61D7-471A-B9A0-65A5AE8A3DFF} = {15888ECE-F59A-427B-B092-7ED5E4494AD7}
		{2E7E7B3B-B78C-4A84-AA69-77C467C5E04D} = {15888ECE-F59A-427B-B092-7ED5E4494AD7}
		{E8ED7030-9672-41D8-A06F-B3AF1464DBA6} = {15888ECE-F59A-427B-B092-7ED5E4494AD7}
		{574121EA-C530-4448-A05B-EAAE86BA79D3} = {15888ECE-F59A-427B-B092-7ED5E4494AD7}
		{B9B50B38-6EEC-4D8F-86E1-E9F35955E527} = {058C2D74-B352-493E-BA2D-616CEC3E98F8}
		{61DCBBF9-D271-4EED-B767-F9877BB85F8F} = {058C2D74-B352-493E-BA2D-616CEC3E98F8}
		{E4914C92-724A-44C4-871F-E1DB3DD02E45} = {058C2D74-B352-493E-BA2D-616CEC3E98F8}
		{DD39C8B6-65F0-407F-AF12-C6B80B977D7B} = {058C2D74-B352-493E-BA2D-616CEC3E98F8}
		{734172ED-E742-4FA0-A5D3-B6BBB581807C} = {058C2D74-B352-493E-BA2D-616CEC3E98F8}
		{D2CDE097-46F9-4C22-8E7C-84EFC8BB60A6} = {058C2D74-B352-493E-BA2D-616CEC3E98F8}
		{957BD4B9-8F6B-49E5-A2A0-73CF1FF0C3F0} = {20B8F953-C0DF-4EB0-8DC7-7B733ACE0B22}
		{8D2AD71F-E6D2-44E5-BD9E-11FF68EF3A6D} = {20B8F953-C0DF-4EB0-8DC7-7B733ACE0B22}
		{6931CDBD-3EA0-4957-80B1-237B14D6A3AA} = {F0DD6C1C-8FB6-44E1-8653-5975137EC908}
		{18D3AB89-EC20-4685-B0BD-57C87C5C3495} = {F0DD6C1C-8FB6-44E1-8653-5975137EC908}
		{DD94160D-88E7-4590-8707-891024976316} = {F0DD6C1C-8FB6-44E1-8653-5975137EC908}
		{C9BDE461-74E7-4615-A61B-993B372F0EB3} = {F0DD6C1C-8FB6-44E1-8653-5975137EC908}
		{731C14E0-8E69-4BEA-A189-C62C40BC77CA} = {F0DD6C1C-8FB6-44E1-8653-5975137EC908}
		{99C72578-05A3-4F67-87F6-280118C4C791} = {F0DD6C1C-8FB6-44E1-8653-5975137EC908}
		{00668419-21AD-4310-B511-C2A1C6D9DCDF} = {F0DD6C1C-8FB6-44E1-8653-5975137EC908}
		{3A2D132A-8166-43C0-84CB-83D0367D6AA4} = {F0DD6C1C-8FB6-44E1-8653-5975137EC908}
		{74AC8CC6-6CB2-4F64-B59C-0BF7125181A9} = {F0DD6C1C-8FB6-44E1-8653-5975137EC908}
		{98057A7D-BAD4-4578-A408-955CA0A7523F} = {DDAFC8C3-6F91-4582-9323-ABB3055FC701}
		{E2281E99-B90F-4615-9F63-D46B024EB5AB} = {DDAFC8C3-6F91-4582-9323-ABB3055FC701}
		{B4F9C525-5C56-440E-B4C2-972A33D7C8CD} = {916071C1-11D4-48AD-9962-33E5305011CD}
		{EFCAA573-3860-4E60-9B65-AE713763933B} = {916071C1-11D4-48AD-9962-33E5305011CD}
		{F82044A3-E321-49F4-91BD-878561FE54B7} = {8871034F-D21D-4CEE-AFE6-9BADA20294F4}
		{07171AC5-6497-40C0-A465-2B0A04784285} = {F2FAB3F2-5E11-40BF-A06B-B87AFB216F24}
		{34141527-7D87-4857-A472-2CBDC746C98D} = {F2FAB3F2-5E11-40BF-A06B-B87AFB216F24}
		{5964734E-7B1D-43D0-84BC-A3A3957C2335} = {F2FAB3F2-5E11-40BF-A06B-B87AFB216F24}
	EndGlobalSection
EndGlobal
