
Microsoft Visual Studio Solution File, Format Version 12.00
# Visual Studio 2013
VisualStudioVersion = 12.0.21005.1
MinimumVisualStudioVersion = 10.0.40219.1
Project("{2150E333-8FDC-42A3-9474-1A3956D46DE8}") = "Push", "Push", "{A3F1E9BA-15CF-4527-B642-54D20A46E25E}"
EndProject
Project("{2150E333-8FDC-42A3-9474-1A3956D46DE8}") = "Pull", "Pull", "{E899995F-C295-4B0F-A02A-B26C69BDE534}"
EndProject
Project("{FAE04EC0-301F-11D3-BF4B-00C04F79EFBC}") = "Lim", "Lim\Lim\Lim.csproj", "{1D1200E3-2FAD-42DB-9A34-0E167C010DEC}"
EndProject
Project("{FAE04EC0-301F-11D3-BF4B-00C04F79EFBC}") = "Lim.Pull", "Lim\Lim.Pull\Lim.Pull.csproj", "{0D4E5018-6F0D-42A3-8962-0BB05FFC136C}"
EndProject
Project("{FAE04EC0-301F-11D3-BF4B-00C04F79EFBC}") = "Lim.Push", "Lim\Lim.Push\Lim.Push.csproj", "{D7B63A79-2BC8-4BB2-9510-322C8B5D9EFA}"
EndProject
Project("{FAE04EC0-301F-11D3-BF4B-00C04F79EFBC}") = "Lim.Domain", "Lim\Lim.Domain\Lim.Domain.csproj", "{9DD099D1-9058-489B-81AC-96AFEEC2E559}"
EndProject
Project("{2150E333-8FDC-42A3-9474-1A3956D46DE8}") = ".tests", ".tests", "{B113144D-0332-4F80-ADDE-F6370E1D6968}"
EndProject
Project("{FAE04EC0-301F-11D3-BF4B-00C04F79EFBC}") = "Lim.Unit.Tests", "Lim\Lim.Unit.Tests\Lim.Unit.Tests.csproj", "{33B3D7C8-9262-49A8-98A9-F55A9CEB4A66}"
EndProject
Project("{FAE04EC0-301F-11D3-BF4B-00C04F79EFBC}") = "Lim.Test.Api", "Lim\Lim.Test.Api\Lim.Test.Api.csproj", "{6DE8DC99-E87E-4AE2-B09D-45DD41F0EF58}"
EndProject
Project("{FAE04EC0-301F-11D3-BF4B-00C04F79EFBC}") = "Lim.Test.Helper", "Lim\Lim.Test.Helper\Lim.Test.Helper.csproj", "{87A87C68-50FF-4DF7-8318-AD793433B80E}"
EndProject
Project("{FAE04EC0-301F-11D3-BF4B-00C04F79EFBC}") = "Lim.Database", "Lim\Lim.Database\Lim.Database.csproj", "{64088684-687F-4AA0-A1BE-077D73C08433}"
EndProject
Project("{2150E333-8FDC-42A3-9474-1A3956D46DE8}") = "UI", "UI", "{C9D6C75C-298E-4488-B92E-E587E3E8BF02}"
EndProject
Project("{FAE04EC0-301F-11D3-BF4B-00C04F79EFBC}") = "Lim.Web.UI", "Lim\Lim.Web.UI\Lim.Web.UI.csproj", "{7DB4F323-6FC9-464B-8E72-432FE48D2C72}"
EndProject
Project("{2150E333-8FDC-42A3-9474-1A3956D46DE8}") = "Schedule", "Schedule", "{7630FF0F-C0B9-400A-A1A4-2387BDDFEBAC}"
EndProject
Project("{FAE04EC0-301F-11D3-BF4B-00C04F79EFBC}") = "Lim.Schedule.Service", "Lim\Lim.Schedule.Service\Lim.Schedule.Service.csproj", "{0114FEF2-EFD9-4C0F-8197-5FD52706A18D}"
EndProject
Project("{FAE04EC0-301F-11D3-BF4B-00C04F79EFBC}") = "Lim.Schedule", "Lim\Lim.Schedule\Lim.Schedule.csproj", "{8117E14C-45CB-4F67-A6D3-A8E6AA524F47}"
EndProject
Project("{FAE04EC0-301F-11D3-BF4B-00C04F79EFBC}") = "Lim.Acceptance.Tests", "Lim\Lim.Acceptance.Tests\Lim.Acceptance.Tests.csproj", "{90823222-BDB1-49C7-AF26-D709A6FE4A72}"
EndProject
Project("{2150E333-8FDC-42A3-9474-1A3956D46DE8}") = "Messaging", "Messaging", "{27B3B4D0-58FE-4E78-B6BB-A17FC892E2F7}"
EndProject
Project("{FAE04EC0-301F-11D3-BF4B-00C04F79EFBC}") = "Lim.Domain.Messaging", "Lim\Lim.Domain.Messaging\Lim.Domain.Messaging.csproj", "{6EE18788-1427-4ED7-A5AD-2AF7CDA4429D}"
EndProject
Project("{2150E333-8FDC-42A3-9474-1A3956D46DE8}") = "ReceiverSide", "ReceiverSide", "{743CD43D-9C7C-4DE1-ADFF-7B6894847CD7}"
EndProject
Project("{FAE04EC0-301F-11D3-BF4B-00C04F79EFBC}") = "Lim.Domain.Receiver", "Lim\Lim.Domain.Receiver\Lim.Domain.Receiver.csproj", "{3AAED3F0-65DA-48DB-9D39-E459668DA358}"
EndProject
Project("{2150E333-8FDC-42A3-9474-1A3956D46DE8}") = "SenderSide", "SenderSide", "{FC504A9A-1729-4F5E-B900-BEF9FDFE6EB8}"
EndProject
Project("{FAE04EC0-301F-11D3-BF4B-00C04F79EFBC}") = "Lim.Domain.Sender", "Lim\Lim.Domain.Sender\Lim.Domain.Sender.csproj", "{E2A4A0C9-F043-439E-B7D0-AFB0B60C2D99}"
EndProject
Global
	GlobalSection(SolutionConfigurationPlatforms) = preSolution
		Debug|Any CPU = Debug|Any CPU
		Release|Any CPU = Release|Any CPU
	EndGlobalSection
	GlobalSection(ProjectConfigurationPlatforms) = postSolution
		{1D1200E3-2FAD-42DB-9A34-0E167C010DEC}.Debug|Any CPU.ActiveCfg = Debug|Any CPU
		{1D1200E3-2FAD-42DB-9A34-0E167C010DEC}.Debug|Any CPU.Build.0 = Debug|Any CPU
		{1D1200E3-2FAD-42DB-9A34-0E167C010DEC}.Release|Any CPU.ActiveCfg = Release|Any CPU
		{1D1200E3-2FAD-42DB-9A34-0E167C010DEC}.Release|Any CPU.Build.0 = Release|Any CPU
		{0D4E5018-6F0D-42A3-8962-0BB05FFC136C}.Debug|Any CPU.ActiveCfg = Debug|Any CPU
		{0D4E5018-6F0D-42A3-8962-0BB05FFC136C}.Debug|Any CPU.Build.0 = Debug|Any CPU
		{0D4E5018-6F0D-42A3-8962-0BB05FFC136C}.Release|Any CPU.ActiveCfg = Release|Any CPU
		{0D4E5018-6F0D-42A3-8962-0BB05FFC136C}.Release|Any CPU.Build.0 = Release|Any CPU
		{D7B63A79-2BC8-4BB2-9510-322C8B5D9EFA}.Debug|Any CPU.ActiveCfg = Debug|Any CPU
		{D7B63A79-2BC8-4BB2-9510-322C8B5D9EFA}.Debug|Any CPU.Build.0 = Debug|Any CPU
		{D7B63A79-2BC8-4BB2-9510-322C8B5D9EFA}.Release|Any CPU.ActiveCfg = Release|Any CPU
		{D7B63A79-2BC8-4BB2-9510-322C8B5D9EFA}.Release|Any CPU.Build.0 = Release|Any CPU
		{9DD099D1-9058-489B-81AC-96AFEEC2E559}.Debug|Any CPU.ActiveCfg = Debug|Any CPU
		{9DD099D1-9058-489B-81AC-96AFEEC2E559}.Debug|Any CPU.Build.0 = Debug|Any CPU
		{9DD099D1-9058-489B-81AC-96AFEEC2E559}.Release|Any CPU.ActiveCfg = Release|Any CPU
		{9DD099D1-9058-489B-81AC-96AFEEC2E559}.Release|Any CPU.Build.0 = Release|Any CPU
		{33B3D7C8-9262-49A8-98A9-F55A9CEB4A66}.Debug|Any CPU.ActiveCfg = Debug|Any CPU
		{33B3D7C8-9262-49A8-98A9-F55A9CEB4A66}.Debug|Any CPU.Build.0 = Debug|Any CPU
		{33B3D7C8-9262-49A8-98A9-F55A9CEB4A66}.Release|Any CPU.ActiveCfg = Release|Any CPU
		{33B3D7C8-9262-49A8-98A9-F55A9CEB4A66}.Release|Any CPU.Build.0 = Release|Any CPU
		{6DE8DC99-E87E-4AE2-B09D-45DD41F0EF58}.Debug|Any CPU.ActiveCfg = Debug|Any CPU
		{6DE8DC99-E87E-4AE2-B09D-45DD41F0EF58}.Debug|Any CPU.Build.0 = Debug|Any CPU
		{6DE8DC99-E87E-4AE2-B09D-45DD41F0EF58}.Release|Any CPU.ActiveCfg = Release|Any CPU
		{6DE8DC99-E87E-4AE2-B09D-45DD41F0EF58}.Release|Any CPU.Build.0 = Release|Any CPU
		{87A87C68-50FF-4DF7-8318-AD793433B80E}.Debug|Any CPU.ActiveCfg = Debug|Any CPU
		{87A87C68-50FF-4DF7-8318-AD793433B80E}.Debug|Any CPU.Build.0 = Debug|Any CPU
		{87A87C68-50FF-4DF7-8318-AD793433B80E}.Release|Any CPU.ActiveCfg = Release|Any CPU
		{87A87C68-50FF-4DF7-8318-AD793433B80E}.Release|Any CPU.Build.0 = Release|Any CPU
		{64088684-687F-4AA0-A1BE-077D73C08433}.Debug|Any CPU.ActiveCfg = Debug|Any CPU
		{64088684-687F-4AA0-A1BE-077D73C08433}.Debug|Any CPU.Build.0 = Debug|Any CPU
		{64088684-687F-4AA0-A1BE-077D73C08433}.Release|Any CPU.ActiveCfg = Release|Any CPU
		{64088684-687F-4AA0-A1BE-077D73C08433}.Release|Any CPU.Build.0 = Release|Any CPU
		{7DB4F323-6FC9-464B-8E72-432FE48D2C72}.Debug|Any CPU.ActiveCfg = Debug|Any CPU
		{7DB4F323-6FC9-464B-8E72-432FE48D2C72}.Debug|Any CPU.Build.0 = Debug|Any CPU
		{7DB4F323-6FC9-464B-8E72-432FE48D2C72}.Release|Any CPU.ActiveCfg = Release|Any CPU
		{7DB4F323-6FC9-464B-8E72-432FE48D2C72}.Release|Any CPU.Build.0 = Release|Any CPU
		{0114FEF2-EFD9-4C0F-8197-5FD52706A18D}.Debug|Any CPU.ActiveCfg = Debug|Any CPU
		{0114FEF2-EFD9-4C0F-8197-5FD52706A18D}.Debug|Any CPU.Build.0 = Debug|Any CPU
		{0114FEF2-EFD9-4C0F-8197-5FD52706A18D}.Release|Any CPU.ActiveCfg = Release|Any CPU
		{0114FEF2-EFD9-4C0F-8197-5FD52706A18D}.Release|Any CPU.Build.0 = Release|Any CPU
		{8117E14C-45CB-4F67-A6D3-A8E6AA524F47}.Debug|Any CPU.ActiveCfg = Debug|Any CPU
		{8117E14C-45CB-4F67-A6D3-A8E6AA524F47}.Debug|Any CPU.Build.0 = Debug|Any CPU
		{8117E14C-45CB-4F67-A6D3-A8E6AA524F47}.Release|Any CPU.ActiveCfg = Release|Any CPU
		{8117E14C-45CB-4F67-A6D3-A8E6AA524F47}.Release|Any CPU.Build.0 = Release|Any CPU
		{90823222-BDB1-49C7-AF26-D709A6FE4A72}.Debug|Any CPU.ActiveCfg = Debug|Any CPU
		{90823222-BDB1-49C7-AF26-D709A6FE4A72}.Debug|Any CPU.Build.0 = Debug|Any CPU
		{90823222-BDB1-49C7-AF26-D709A6FE4A72}.Release|Any CPU.ActiveCfg = Release|Any CPU
		{90823222-BDB1-49C7-AF26-D709A6FE4A72}.Release|Any CPU.Build.0 = Release|Any CPU
		{6EE18788-1427-4ED7-A5AD-2AF7CDA4429D}.Debug|Any CPU.ActiveCfg = Debug|Any CPU
		{6EE18788-1427-4ED7-A5AD-2AF7CDA4429D}.Debug|Any CPU.Build.0 = Debug|Any CPU
		{6EE18788-1427-4ED7-A5AD-2AF7CDA4429D}.Release|Any CPU.ActiveCfg = Release|Any CPU
		{6EE18788-1427-4ED7-A5AD-2AF7CDA4429D}.Release|Any CPU.Build.0 = Release|Any CPU
		{3AAED3F0-65DA-48DB-9D39-E459668DA358}.Debug|Any CPU.ActiveCfg = Debug|Any CPU
		{3AAED3F0-65DA-48DB-9D39-E459668DA358}.Debug|Any CPU.Build.0 = Debug|Any CPU
		{3AAED3F0-65DA-48DB-9D39-E459668DA358}.Release|Any CPU.ActiveCfg = Release|Any CPU
		{3AAED3F0-65DA-48DB-9D39-E459668DA358}.Release|Any CPU.Build.0 = Release|Any CPU
		{E2A4A0C9-F043-439E-B7D0-AFB0B60C2D99}.Debug|Any CPU.ActiveCfg = Debug|Any CPU
		{E2A4A0C9-F043-439E-B7D0-AFB0B60C2D99}.Debug|Any CPU.Build.0 = Debug|Any CPU
		{E2A4A0C9-F043-439E-B7D0-AFB0B60C2D99}.Release|Any CPU.ActiveCfg = Release|Any CPU
		{E2A4A0C9-F043-439E-B7D0-AFB0B60C2D99}.Release|Any CPU.Build.0 = Release|Any CPU
	EndGlobalSection
	GlobalSection(SolutionProperties) = preSolution
		HideSolutionNode = FALSE
	EndGlobalSection
	GlobalSection(NestedProjects) = preSolution
		{D7B63A79-2BC8-4BB2-9510-322C8B5D9EFA} = {A3F1E9BA-15CF-4527-B642-54D20A46E25E}
		{0D4E5018-6F0D-42A3-8962-0BB05FFC136C} = {E899995F-C295-4B0F-A02A-B26C69BDE534}
		{33B3D7C8-9262-49A8-98A9-F55A9CEB4A66} = {B113144D-0332-4F80-ADDE-F6370E1D6968}
		{6DE8DC99-E87E-4AE2-B09D-45DD41F0EF58} = {B113144D-0332-4F80-ADDE-F6370E1D6968}
		{87A87C68-50FF-4DF7-8318-AD793433B80E} = {B113144D-0332-4F80-ADDE-F6370E1D6968}
		{90823222-BDB1-49C7-AF26-D709A6FE4A72} = {B113144D-0332-4F80-ADDE-F6370E1D6968}
		{7DB4F323-6FC9-464B-8E72-432FE48D2C72} = {C9D6C75C-298E-4488-B92E-E587E3E8BF02}
		{0114FEF2-EFD9-4C0F-8197-5FD52706A18D} = {7630FF0F-C0B9-400A-A1A4-2387BDDFEBAC}
		{8117E14C-45CB-4F67-A6D3-A8E6AA524F47} = {7630FF0F-C0B9-400A-A1A4-2387BDDFEBAC}
		{6EE18788-1427-4ED7-A5AD-2AF7CDA4429D} = {27B3B4D0-58FE-4E78-B6BB-A17FC892E2F7}
		{743CD43D-9C7C-4DE1-ADFF-7B6894847CD7} = {27B3B4D0-58FE-4E78-B6BB-A17FC892E2F7}
		{FC504A9A-1729-4F5E-B900-BEF9FDFE6EB8} = {27B3B4D0-58FE-4E78-B6BB-A17FC892E2F7}
		{3AAED3F0-65DA-48DB-9D39-E459668DA358} = {743CD43D-9C7C-4DE1-ADFF-7B6894847CD7}
		{E2A4A0C9-F043-439E-B7D0-AFB0B60C2D99} = {FC504A9A-1729-4F5E-B900-BEF9FDFE6EB8}
	EndGlobalSection
EndGlobal
