
Microsoft Visual Studio Solution File, Format Version 12.00
# Visual Studio 2012
Project("{2150E333-8FDC-42A3-9474-1A3956D46DE8}") = ".tests", ".tests", "{0D7458B6-947E-433E-BA7C-378D42B0DB75}"
EndProject
Project("{FAE04EC0-301F-11D3-BF4B-00C04F79EFBC}") = "Monitoring.Acceptence.Tests", "Monitoring\Monitoring.Acceptence.Tests\Monitoring.Acceptence.Tests.csproj", "{4E514C14-509C-4134-BE7E-CF89B8B92AB4}"
EndProject
Project("{FAE04EC0-301F-11D3-BF4B-00C04F79EFBC}") = "Monitoring.Test.Helper", "Monitoring\Monitoring.Test.Helper\Monitoring.Test.Helper.csproj", "{B6EE0A80-D382-4C2C-B95B-2E16F565D7FB}"
EndProject
Project("{FAE04EC0-301F-11D3-BF4B-00C04F79EFBC}") = "Monitoring.Unit.Tests", "Monitoring\Monitoring.Lace.Tests\Monitoring.Unit.Tests.csproj", "{0D9A56A3-E511-4AFB-B418-42651D5D15E8}"
EndProject
Project("{2150E333-8FDC-42A3-9474-1A3956D46DE8}") = "Domain", "Domain", "{AFD1E4CD-924A-471F-9D24-F22B5C008C3C}"
EndProject
Project("{2150E333-8FDC-42A3-9474-1A3956D46DE8}") = "Distributed Services", "Distributed Services", "{658F9A03-C791-473F-8A65-BC11DC1191E0}"
EndProject
Project("{2150E333-8FDC-42A3-9474-1A3956D46DE8}") = "Shared Infrastructure", "Shared Infrastructure", "{72459D49-BF24-4BFA-96F3-ADF564FEB8EE}"
EndProject
Project("{FAE04EC0-301F-11D3-BF4B-00C04F79EFBC}") = "Monitoring.Domain.Core", "Monitoring\source\Monitoring.Domain.Core\Monitoring.Domain.Core.csproj", "{C33860B0-149B-440F-906A-AC4F20CA1A7F}"
EndProject
Project("{FAE04EC0-301F-11D3-BF4B-00C04F79EFBC}") = "Monitoring.DistributedService.Consumer", "Monitoring\source\Monitoring.DistributedService.Consumer\Monitoring.DistributedService.Consumer.csproj", "{52830124-637A-4358-A8D2-7338C9A2965A}"
EndProject
Project("{FAE04EC0-301F-11D3-BF4B-00C04F79EFBC}") = "Monitoring.Domain.Messages", "Monitoring\source\Monitoring.Domain.Messages\Monitoring.Domain.Messages.csproj", "{9241BD29-8BB4-4EE8-9CEB-F0B665823BA2}"
EndProject
Project("{2150E333-8FDC-42A3-9474-1A3956D46DE8}") = "Services", "Services", "{946E8DA7-0EC1-4505-8EA0-E41F3B0F5F9F}"
EndProject
Project("{2150E333-8FDC-42A3-9474-1A3956D46DE8}") = "CrossCutting", "CrossCutting", "{5D22271A-5A91-49C1-9C1A-C28F5CD9AC29}"
EndProject
Project("{2150E333-8FDC-42A3-9474-1A3956D46DE8}") = "ReadSide", "ReadSide", "{2CA82FB4-9AF9-46DA-B800-434D22E0CF27}"
EndProject
Project("{2150E333-8FDC-42A3-9474-1A3956D46DE8}") = "WriteSide", "WriteSide", "{99ACBE10-32BF-4C11-8751-178A111BD5C7}"
EndProject
Project("{FAE04EC0-301F-11D3-BF4B-00C04F79EFBC}") = "Monitoring.Read.Normalizer", "Monitoring\source\Monitoring.Read.Denormalizer\Monitoring.Read.Normalizer.csproj", "{365E35DA-EE0A-4AC8-8EB3-341F274988F7}"
EndProject
Project("{FAE04EC0-301F-11D3-BF4B-00C04F79EFBC}") = "Monitoring.Read.ReadModel", "Monitoring\source\Monitoring.Read.ReadModel\Monitoring.Read.ReadModel.csproj", "{DD57EBDE-5CD4-4DDA-B2F4-3B500CDF7713}"
EndProject
Project("{FAE04EC0-301F-11D3-BF4B-00C04F79EFBC}") = "Monitoring.Read.Persistence", "Monitoring\source\Monitoring.Read.Persistence\Monitoring.Read.Persistence.csproj", "{C0CD057E-A98A-4A9C-A8F3-A92A2E3077DB}"
EndProject
Project("{FAE04EC0-301F-11D3-BF4B-00C04F79EFBC}") = "Monitoring.Write.Service", "Monitoring\source\Monitoring.Write.Services\Monitoring.Write.Service.csproj", "{E5EF9629-C3AF-48EC-8277-E3DCD18B2906}"
EndProject
Project("{FAE04EC0-301F-11D3-BF4B-00C04F79EFBC}") = "Monitoring.DomainModel", "Monitoring\source\Monitoring.DomainModel\Monitoring.DomainModel.csproj", "{EE9D1AEC-1E3E-420E-ACF0-3058FEEE6E7F}"
EndProject
Project("{FAE04EC0-301F-11D3-BF4B-00C04F79EFBC}") = "Monitoring.DistributedService.Host", "Monitoring\source\Monitoring.DistributedService.Host\Monitoring.DistributedService.Host.csproj", "{C4C33A7B-A21F-461A-9DC6-FDD9E885F30D}"
EndProject
Project("{FAE04EC0-301F-11D3-BF4B-00C04F79EFBC}") = "Monitoring.DistributedService.DenormalizerHost", "Monitoring\source\Monitoring.DistributedService.DenormalizerHost\Monitoring.DistributedService.DenormalizerHost.csproj", "{DFBB6FE5-B9FF-4E9D-B0EE-26B9BAF68862}"
EndProject
Project("{2150E333-8FDC-42A3-9474-1A3956D46DE8}") = ".nuget", ".nuget", "{2B0A6484-25C3-4E6F-B99E-71D5CA9DECF3}"
	ProjectSection(SolutionItems) = preProject
		.nuget\packages.config = .nuget\packages.config
	EndProjectSection
EndProject
Global
	GlobalSection(SolutionConfigurationPlatforms) = preSolution
		Debug|Any CPU = Debug|Any CPU
		Release|Any CPU = Release|Any CPU
	EndGlobalSection
	GlobalSection(ProjectConfigurationPlatforms) = postSolution
		{4E514C14-509C-4134-BE7E-CF89B8B92AB4}.Debug|Any CPU.ActiveCfg = Debug|Any CPU
		{4E514C14-509C-4134-BE7E-CF89B8B92AB4}.Debug|Any CPU.Build.0 = Debug|Any CPU
		{4E514C14-509C-4134-BE7E-CF89B8B92AB4}.Release|Any CPU.ActiveCfg = Release|Any CPU
		{4E514C14-509C-4134-BE7E-CF89B8B92AB4}.Release|Any CPU.Build.0 = Release|Any CPU
		{B6EE0A80-D382-4C2C-B95B-2E16F565D7FB}.Debug|Any CPU.ActiveCfg = Debug|Any CPU
		{B6EE0A80-D382-4C2C-B95B-2E16F565D7FB}.Debug|Any CPU.Build.0 = Debug|Any CPU
		{B6EE0A80-D382-4C2C-B95B-2E16F565D7FB}.Release|Any CPU.ActiveCfg = Release|Any CPU
		{B6EE0A80-D382-4C2C-B95B-2E16F565D7FB}.Release|Any CPU.Build.0 = Release|Any CPU
		{0D9A56A3-E511-4AFB-B418-42651D5D15E8}.Debug|Any CPU.ActiveCfg = Debug|Any CPU
		{0D9A56A3-E511-4AFB-B418-42651D5D15E8}.Debug|Any CPU.Build.0 = Debug|Any CPU
		{0D9A56A3-E511-4AFB-B418-42651D5D15E8}.Release|Any CPU.ActiveCfg = Release|Any CPU
		{0D9A56A3-E511-4AFB-B418-42651D5D15E8}.Release|Any CPU.Build.0 = Release|Any CPU
		{C33860B0-149B-440F-906A-AC4F20CA1A7F}.Debug|Any CPU.ActiveCfg = Debug|Any CPU
		{C33860B0-149B-440F-906A-AC4F20CA1A7F}.Debug|Any CPU.Build.0 = Debug|Any CPU
		{C33860B0-149B-440F-906A-AC4F20CA1A7F}.Release|Any CPU.ActiveCfg = Release|Any CPU
		{C33860B0-149B-440F-906A-AC4F20CA1A7F}.Release|Any CPU.Build.0 = Release|Any CPU
		{52830124-637A-4358-A8D2-7338C9A2965A}.Debug|Any CPU.ActiveCfg = Debug|Any CPU
		{52830124-637A-4358-A8D2-7338C9A2965A}.Debug|Any CPU.Build.0 = Debug|Any CPU
		{52830124-637A-4358-A8D2-7338C9A2965A}.Release|Any CPU.ActiveCfg = Release|Any CPU
		{52830124-637A-4358-A8D2-7338C9A2965A}.Release|Any CPU.Build.0 = Release|Any CPU
		{9241BD29-8BB4-4EE8-9CEB-F0B665823BA2}.Debug|Any CPU.ActiveCfg = Debug|Any CPU
		{9241BD29-8BB4-4EE8-9CEB-F0B665823BA2}.Debug|Any CPU.Build.0 = Debug|Any CPU
		{9241BD29-8BB4-4EE8-9CEB-F0B665823BA2}.Release|Any CPU.ActiveCfg = Release|Any CPU
		{9241BD29-8BB4-4EE8-9CEB-F0B665823BA2}.Release|Any CPU.Build.0 = Release|Any CPU
		{365E35DA-EE0A-4AC8-8EB3-341F274988F7}.Debug|Any CPU.ActiveCfg = Debug|Any CPU
		{365E35DA-EE0A-4AC8-8EB3-341F274988F7}.Debug|Any CPU.Build.0 = Debug|Any CPU
		{365E35DA-EE0A-4AC8-8EB3-341F274988F7}.Release|Any CPU.ActiveCfg = Release|Any CPU
		{365E35DA-EE0A-4AC8-8EB3-341F274988F7}.Release|Any CPU.Build.0 = Release|Any CPU
		{DD57EBDE-5CD4-4DDA-B2F4-3B500CDF7713}.Debug|Any CPU.ActiveCfg = Debug|Any CPU
		{DD57EBDE-5CD4-4DDA-B2F4-3B500CDF7713}.Debug|Any CPU.Build.0 = Debug|Any CPU
		{DD57EBDE-5CD4-4DDA-B2F4-3B500CDF7713}.Release|Any CPU.ActiveCfg = Release|Any CPU
		{DD57EBDE-5CD4-4DDA-B2F4-3B500CDF7713}.Release|Any CPU.Build.0 = Release|Any CPU
		{C0CD057E-A98A-4A9C-A8F3-A92A2E3077DB}.Debug|Any CPU.ActiveCfg = Debug|Any CPU
		{C0CD057E-A98A-4A9C-A8F3-A92A2E3077DB}.Debug|Any CPU.Build.0 = Debug|Any CPU
		{C0CD057E-A98A-4A9C-A8F3-A92A2E3077DB}.Release|Any CPU.ActiveCfg = Release|Any CPU
		{C0CD057E-A98A-4A9C-A8F3-A92A2E3077DB}.Release|Any CPU.Build.0 = Release|Any CPU
		{E5EF9629-C3AF-48EC-8277-E3DCD18B2906}.Debug|Any CPU.ActiveCfg = Debug|Any CPU
		{E5EF9629-C3AF-48EC-8277-E3DCD18B2906}.Debug|Any CPU.Build.0 = Debug|Any CPU
		{E5EF9629-C3AF-48EC-8277-E3DCD18B2906}.Release|Any CPU.ActiveCfg = Release|Any CPU
		{E5EF9629-C3AF-48EC-8277-E3DCD18B2906}.Release|Any CPU.Build.0 = Release|Any CPU
		{EE9D1AEC-1E3E-420E-ACF0-3058FEEE6E7F}.Debug|Any CPU.ActiveCfg = Debug|Any CPU
		{EE9D1AEC-1E3E-420E-ACF0-3058FEEE6E7F}.Debug|Any CPU.Build.0 = Debug|Any CPU
		{EE9D1AEC-1E3E-420E-ACF0-3058FEEE6E7F}.Release|Any CPU.ActiveCfg = Release|Any CPU
		{EE9D1AEC-1E3E-420E-ACF0-3058FEEE6E7F}.Release|Any CPU.Build.0 = Release|Any CPU
		{C4C33A7B-A21F-461A-9DC6-FDD9E885F30D}.Debug|Any CPU.ActiveCfg = Debug|Any CPU
		{C4C33A7B-A21F-461A-9DC6-FDD9E885F30D}.Debug|Any CPU.Build.0 = Debug|Any CPU
		{C4C33A7B-A21F-461A-9DC6-FDD9E885F30D}.Release|Any CPU.ActiveCfg = Release|Any CPU
		{C4C33A7B-A21F-461A-9DC6-FDD9E885F30D}.Release|Any CPU.Build.0 = Release|Any CPU
		{DFBB6FE5-B9FF-4E9D-B0EE-26B9BAF68862}.Debug|Any CPU.ActiveCfg = Debug|Any CPU
		{DFBB6FE5-B9FF-4E9D-B0EE-26B9BAF68862}.Debug|Any CPU.Build.0 = Debug|Any CPU
		{DFBB6FE5-B9FF-4E9D-B0EE-26B9BAF68862}.Release|Any CPU.ActiveCfg = Release|Any CPU
		{DFBB6FE5-B9FF-4E9D-B0EE-26B9BAF68862}.Release|Any CPU.Build.0 = Release|Any CPU
	EndGlobalSection
	GlobalSection(SolutionProperties) = preSolution
		HideSolutionNode = FALSE
	EndGlobalSection
	GlobalSection(NestedProjects) = preSolution
		{4E514C14-509C-4134-BE7E-CF89B8B92AB4} = {0D7458B6-947E-433E-BA7C-378D42B0DB75}
		{B6EE0A80-D382-4C2C-B95B-2E16F565D7FB} = {0D7458B6-947E-433E-BA7C-378D42B0DB75}
		{0D9A56A3-E511-4AFB-B418-42651D5D15E8} = {0D7458B6-947E-433E-BA7C-378D42B0DB75}
		{C33860B0-149B-440F-906A-AC4F20CA1A7F} = {AFD1E4CD-924A-471F-9D24-F22B5C008C3C}
		{9241BD29-8BB4-4EE8-9CEB-F0B665823BA2} = {AFD1E4CD-924A-471F-9D24-F22B5C008C3C}
		{52830124-637A-4358-A8D2-7338C9A2965A} = {658F9A03-C791-473F-8A65-BC11DC1191E0}
		{C4C33A7B-A21F-461A-9DC6-FDD9E885F30D} = {658F9A03-C791-473F-8A65-BC11DC1191E0}
		{DFBB6FE5-B9FF-4E9D-B0EE-26B9BAF68862} = {658F9A03-C791-473F-8A65-BC11DC1191E0}
		{365E35DA-EE0A-4AC8-8EB3-341F274988F7} = {2CA82FB4-9AF9-46DA-B800-434D22E0CF27}
		{DD57EBDE-5CD4-4DDA-B2F4-3B500CDF7713} = {2CA82FB4-9AF9-46DA-B800-434D22E0CF27}
		{C0CD057E-A98A-4A9C-A8F3-A92A2E3077DB} = {2CA82FB4-9AF9-46DA-B800-434D22E0CF27}
		{E5EF9629-C3AF-48EC-8277-E3DCD18B2906} = {99ACBE10-32BF-4C11-8751-178A111BD5C7}
		{EE9D1AEC-1E3E-420E-ACF0-3058FEEE6E7F} = {99ACBE10-32BF-4C11-8751-178A111BD5C7}
	EndGlobalSection
EndGlobal
