
Microsoft Visual Studio Solution File, Format Version 12.00
# Visual Studio 2013
VisualStudioVersion = 12.0.30723.0
MinimumVisualStudioVersion = 10.0.40219.1
Project("{2150E333-8FDC-42A3-9474-1A3956D46DE8}") = ".tests", ".tests", "{1AD80898-7DFA-44CF-9142-4EE727687EBE}"
EndProject
Project("{FAE04EC0-301F-11D3-BF4B-00C04F79EFBC}") = "PackageBuilder.Acceptance.Tests", "PackageBuilder\PackageBuilder.Acceptance.Tests\PackageBuilder.Acceptance.Tests.csproj", "{4EDE5873-8AD3-47C9-8626-D1B03B180FCA}"
EndProject
Project("{FAE04EC0-301F-11D3-BF4B-00C04F79EFBC}") = "PackageBuilder.TestHelper", "PackageBuilder\PackageBuilder.TestHelper\PackageBuilder.TestHelper.csproj", "{F29A3A51-343E-428F-A592-F7845E99B4AE}"
EndProject
Project("{FAE04EC0-301F-11D3-BF4B-00C04F79EFBC}") = "PackageBuilder.Unit.Tests", "PackageBuilder\PackageBuilder.Unit.Tests\PackageBuilder.Unit.Tests.csproj", "{08C6C489-5BDD-44A5-B8DC-499A77FC445E}"
EndProject
Project("{FAE04EC0-301F-11D3-BF4B-00C04F79EFBC}") = "PackageBuilder.Api", "PackageBuilder\PackageBuilder.Api\PackageBuilder.Api.csproj", "{F82044A3-E321-49F4-91BD-878561FE54B7}"
EndProject
Project("{FAE04EC0-301F-11D3-BF4B-00C04F79EFBC}") = "PackageBuilder.Domain", "PackageBuilder\PackageBuilder.Domain\PackageBuilder.Domain.csproj", "{C075E78C-8051-4CFC-A0F5-5C61BB108234}"
EndProject
Project("{FAE04EC0-301F-11D3-BF4B-00C04F79EFBC}") = "PackageBuilder.Web", "PackageBuilder\PackageBuilder.Web\PackageBuilder.Web.csproj", "{17BAB16B-6DA5-4EA8-899E-2662F5FA7845}"
EndProject
Project("{FAE04EC0-301F-11D3-BF4B-00C04F79EFBC}") = "PackageBuilder.Data", "PackageBuilder\PackageBuilder.Database\PackageBuilder.Data.csproj", "{E3212510-689E-4AAD-93F8-261AF917E5AE}"
EndProject
Project("{FAE04EC0-301F-11D3-BF4B-00C04F79EFBC}") = "PackageBuilder.Common", "PackageBuilder\PackageBuilder.Common\PackageBuilder.Common.csproj", "{E1860260-CAA8-497B-A014-BDDFAB19665D}"
EndProject
Project("{00D1A9C2-B5F0-4AF3-8072-F6C62B433612}") = "MockSQLDataProvider", "MockSQLDataProvider\MockSQLDataProvider.sqlproj", "{1A94D3C6-2785-48A2-ADEE-3620FBEFB2B4}"
EndProject
Project("{FAE04EC0-301F-11D3-BF4B-00C04F79EFBC}") = "PackageBuilder.Core", "PackageBuilder.Core\PackageBuilder.Core.csproj", "{A3368386-392B-476D-8B6C-910E73A9C21C}"
EndProject
Global
	GlobalSection(SolutionConfigurationPlatforms) = preSolution
		Debug|Any CPU = Debug|Any CPU
		Release|Any CPU = Release|Any CPU
		TeamCity|Any CPU = TeamCity|Any CPU
		Test|Any CPU = Test|Any CPU
	EndGlobalSection
	GlobalSection(ProjectConfigurationPlatforms) = postSolution
		{4EDE5873-8AD3-47C9-8626-D1B03B180FCA}.Debug|Any CPU.ActiveCfg = Debug|Any CPU
		{4EDE5873-8AD3-47C9-8626-D1B03B180FCA}.Debug|Any CPU.Build.0 = Debug|Any CPU
		{4EDE5873-8AD3-47C9-8626-D1B03B180FCA}.Release|Any CPU.ActiveCfg = Release|Any CPU
		{4EDE5873-8AD3-47C9-8626-D1B03B180FCA}.Release|Any CPU.Build.0 = Release|Any CPU
		{4EDE5873-8AD3-47C9-8626-D1B03B180FCA}.TeamCity|Any CPU.ActiveCfg = TeamCity|Any CPU
		{4EDE5873-8AD3-47C9-8626-D1B03B180FCA}.TeamCity|Any CPU.Build.0 = TeamCity|Any CPU
		{4EDE5873-8AD3-47C9-8626-D1B03B180FCA}.Test|Any CPU.ActiveCfg = Test|Any CPU
		{4EDE5873-8AD3-47C9-8626-D1B03B180FCA}.Test|Any CPU.Build.0 = Test|Any CPU
		{F29A3A51-343E-428F-A592-F7845E99B4AE}.Debug|Any CPU.ActiveCfg = Debug|Any CPU
		{F29A3A51-343E-428F-A592-F7845E99B4AE}.Debug|Any CPU.Build.0 = Debug|Any CPU
		{F29A3A51-343E-428F-A592-F7845E99B4AE}.Release|Any CPU.ActiveCfg = Release|Any CPU
		{F29A3A51-343E-428F-A592-F7845E99B4AE}.Release|Any CPU.Build.0 = Release|Any CPU
		{F29A3A51-343E-428F-A592-F7845E99B4AE}.TeamCity|Any CPU.ActiveCfg = TeamCity|Any CPU
		{F29A3A51-343E-428F-A592-F7845E99B4AE}.TeamCity|Any CPU.Build.0 = TeamCity|Any CPU
		{F29A3A51-343E-428F-A592-F7845E99B4AE}.Test|Any CPU.ActiveCfg = Test|Any CPU
		{F29A3A51-343E-428F-A592-F7845E99B4AE}.Test|Any CPU.Build.0 = Test|Any CPU
		{08C6C489-5BDD-44A5-B8DC-499A77FC445E}.Debug|Any CPU.ActiveCfg = Debug|Any CPU
		{08C6C489-5BDD-44A5-B8DC-499A77FC445E}.Debug|Any CPU.Build.0 = Debug|Any CPU
		{08C6C489-5BDD-44A5-B8DC-499A77FC445E}.Release|Any CPU.ActiveCfg = Release|Any CPU
		{08C6C489-5BDD-44A5-B8DC-499A77FC445E}.Release|Any CPU.Build.0 = Release|Any CPU
		{08C6C489-5BDD-44A5-B8DC-499A77FC445E}.TeamCity|Any CPU.ActiveCfg = TeamCity|Any CPU
		{08C6C489-5BDD-44A5-B8DC-499A77FC445E}.TeamCity|Any CPU.Build.0 = TeamCity|Any CPU
		{08C6C489-5BDD-44A5-B8DC-499A77FC445E}.Test|Any CPU.ActiveCfg = Test|Any CPU
		{08C6C489-5BDD-44A5-B8DC-499A77FC445E}.Test|Any CPU.Build.0 = Test|Any CPU
		{F82044A3-E321-49F4-91BD-878561FE54B7}.Debug|Any CPU.ActiveCfg = Debug|Any CPU
		{F82044A3-E321-49F4-91BD-878561FE54B7}.Debug|Any CPU.Build.0 = Debug|Any CPU
		{F82044A3-E321-49F4-91BD-878561FE54B7}.Release|Any CPU.ActiveCfg = Release|Any CPU
		{F82044A3-E321-49F4-91BD-878561FE54B7}.Release|Any CPU.Build.0 = Release|Any CPU
		{F82044A3-E321-49F4-91BD-878561FE54B7}.TeamCity|Any CPU.ActiveCfg = TeamCity|Any CPU
		{F82044A3-E321-49F4-91BD-878561FE54B7}.TeamCity|Any CPU.Build.0 = TeamCity|Any CPU
		{F82044A3-E321-49F4-91BD-878561FE54B7}.Test|Any CPU.ActiveCfg = Test|Any CPU
		{F82044A3-E321-49F4-91BD-878561FE54B7}.Test|Any CPU.Build.0 = Test|Any CPU
		{C075E78C-8051-4CFC-A0F5-5C61BB108234}.Debug|Any CPU.ActiveCfg = Debug|Any CPU
		{C075E78C-8051-4CFC-A0F5-5C61BB108234}.Debug|Any CPU.Build.0 = Debug|Any CPU
		{C075E78C-8051-4CFC-A0F5-5C61BB108234}.Release|Any CPU.ActiveCfg = Release|Any CPU
		{C075E78C-8051-4CFC-A0F5-5C61BB108234}.Release|Any CPU.Build.0 = Release|Any CPU
		{C075E78C-8051-4CFC-A0F5-5C61BB108234}.TeamCity|Any CPU.ActiveCfg = TeamCity|Any CPU
		{C075E78C-8051-4CFC-A0F5-5C61BB108234}.TeamCity|Any CPU.Build.0 = TeamCity|Any CPU
		{C075E78C-8051-4CFC-A0F5-5C61BB108234}.Test|Any CPU.ActiveCfg = Test|Any CPU
		{C075E78C-8051-4CFC-A0F5-5C61BB108234}.Test|Any CPU.Build.0 = Test|Any CPU
		{17BAB16B-6DA5-4EA8-899E-2662F5FA7845}.Debug|Any CPU.ActiveCfg = Debug|Any CPU
		{17BAB16B-6DA5-4EA8-899E-2662F5FA7845}.Debug|Any CPU.Build.0 = Debug|Any CPU
		{17BAB16B-6DA5-4EA8-899E-2662F5FA7845}.Release|Any CPU.ActiveCfg = Release|Any CPU
		{17BAB16B-6DA5-4EA8-899E-2662F5FA7845}.Release|Any CPU.Build.0 = Release|Any CPU
		{17BAB16B-6DA5-4EA8-899E-2662F5FA7845}.TeamCity|Any CPU.ActiveCfg = Release|Any CPU
		{17BAB16B-6DA5-4EA8-899E-2662F5FA7845}.TeamCity|Any CPU.Build.0 = Release|Any CPU
		{17BAB16B-6DA5-4EA8-899E-2662F5FA7845}.Test|Any CPU.ActiveCfg = Release|Any CPU
		{17BAB16B-6DA5-4EA8-899E-2662F5FA7845}.Test|Any CPU.Build.0 = Release|Any CPU
		{E3212510-689E-4AAD-93F8-261AF917E5AE}.Debug|Any CPU.ActiveCfg = Debug|Any CPU
		{E3212510-689E-4AAD-93F8-261AF917E5AE}.Debug|Any CPU.Build.0 = Debug|Any CPU
		{E3212510-689E-4AAD-93F8-261AF917E5AE}.Release|Any CPU.ActiveCfg = Release|Any CPU
		{E3212510-689E-4AAD-93F8-261AF917E5AE}.Release|Any CPU.Build.0 = Release|Any CPU
		{E3212510-689E-4AAD-93F8-261AF917E5AE}.TeamCity|Any CPU.ActiveCfg = Release|Any CPU
		{E3212510-689E-4AAD-93F8-261AF917E5AE}.TeamCity|Any CPU.Build.0 = Release|Any CPU
		{E3212510-689E-4AAD-93F8-261AF917E5AE}.Test|Any CPU.ActiveCfg = Release|Any CPU
		{E3212510-689E-4AAD-93F8-261AF917E5AE}.Test|Any CPU.Build.0 = Release|Any CPU
		{E1860260-CAA8-497B-A014-BDDFAB19665D}.Debug|Any CPU.ActiveCfg = Debug|Any CPU
		{E1860260-CAA8-497B-A014-BDDFAB19665D}.Debug|Any CPU.Build.0 = Debug|Any CPU
		{E1860260-CAA8-497B-A014-BDDFAB19665D}.Release|Any CPU.ActiveCfg = Release|Any CPU
		{E1860260-CAA8-497B-A014-BDDFAB19665D}.Release|Any CPU.Build.0 = Release|Any CPU
		{E1860260-CAA8-497B-A014-BDDFAB19665D}.TeamCity|Any CPU.ActiveCfg = Release|Any CPU
		{E1860260-CAA8-497B-A014-BDDFAB19665D}.TeamCity|Any CPU.Build.0 = Release|Any CPU
		{E1860260-CAA8-497B-A014-BDDFAB19665D}.Test|Any CPU.ActiveCfg = Release|Any CPU
		{E1860260-CAA8-497B-A014-BDDFAB19665D}.Test|Any CPU.Build.0 = Release|Any CPU
		{1A94D3C6-2785-48A2-ADEE-3620FBEFB2B4}.Debug|Any CPU.ActiveCfg = Debug|Any CPU
		{1A94D3C6-2785-48A2-ADEE-3620FBEFB2B4}.Debug|Any CPU.Build.0 = Debug|Any CPU
		{1A94D3C6-2785-48A2-ADEE-3620FBEFB2B4}.Debug|Any CPU.Deploy.0 = Debug|Any CPU
		{1A94D3C6-2785-48A2-ADEE-3620FBEFB2B4}.Release|Any CPU.ActiveCfg = Release|Any CPU
		{1A94D3C6-2785-48A2-ADEE-3620FBEFB2B4}.Release|Any CPU.Build.0 = Release|Any CPU
		{1A94D3C6-2785-48A2-ADEE-3620FBEFB2B4}.Release|Any CPU.Deploy.0 = Release|Any CPU
		{1A94D3C6-2785-48A2-ADEE-3620FBEFB2B4}.TeamCity|Any CPU.ActiveCfg = Debug|Any CPU
		{1A94D3C6-2785-48A2-ADEE-3620FBEFB2B4}.TeamCity|Any CPU.Build.0 = Debug|Any CPU
		{1A94D3C6-2785-48A2-ADEE-3620FBEFB2B4}.TeamCity|Any CPU.Deploy.0 = Debug|Any CPU
		{1A94D3C6-2785-48A2-ADEE-3620FBEFB2B4}.Test|Any CPU.ActiveCfg = Debug|Any CPU
		{1A94D3C6-2785-48A2-ADEE-3620FBEFB2B4}.Test|Any CPU.Build.0 = Debug|Any CPU
		{1A94D3C6-2785-48A2-ADEE-3620FBEFB2B4}.Test|Any CPU.Deploy.0 = Debug|Any CPU
		{A3368386-392B-476D-8B6C-910E73A9C21C}.Debug|Any CPU.ActiveCfg = Debug|Any CPU
		{A3368386-392B-476D-8B6C-910E73A9C21C}.Debug|Any CPU.Build.0 = Debug|Any CPU
		{A3368386-392B-476D-8B6C-910E73A9C21C}.Release|Any CPU.ActiveCfg = Release|Any CPU
		{A3368386-392B-476D-8B6C-910E73A9C21C}.Release|Any CPU.Build.0 = Release|Any CPU
		{A3368386-392B-476D-8B6C-910E73A9C21C}.TeamCity|Any CPU.ActiveCfg = Release|Any CPU
		{A3368386-392B-476D-8B6C-910E73A9C21C}.TeamCity|Any CPU.Build.0 = Release|Any CPU
		{A3368386-392B-476D-8B6C-910E73A9C21C}.Test|Any CPU.ActiveCfg = Release|Any CPU
		{A3368386-392B-476D-8B6C-910E73A9C21C}.Test|Any CPU.Build.0 = Release|Any CPU
	EndGlobalSection
	GlobalSection(SolutionProperties) = preSolution
		HideSolutionNode = FALSE
	EndGlobalSection
	GlobalSection(NestedProjects) = preSolution
		{4EDE5873-8AD3-47C9-8626-D1B03B180FCA} = {1AD80898-7DFA-44CF-9142-4EE727687EBE}
		{F29A3A51-343E-428F-A592-F7845E99B4AE} = {1AD80898-7DFA-44CF-9142-4EE727687EBE}
		{08C6C489-5BDD-44A5-B8DC-499A77FC445E} = {1AD80898-7DFA-44CF-9142-4EE727687EBE}
	EndGlobalSection
EndGlobal
