
Microsoft Visual Studio Solution File, Format Version 12.00
# Visual Studio 2013
VisualStudioVersion = 12.0.31101.0
MinimumVisualStudioVersion = 10.0.40219.1
Project("{2150E333-8FDC-42A3-9474-1A3956D46DE8}") = ".tests", ".tests", "{7B42DB83-4424-4E54-A616-068292873944}"
EndProject
Project("{FAE04EC0-301F-11D3-BF4B-00C04F79EFBC}") = "UmApi", "UserManagement\UmApi\UmApi.csproj", "{AE74AB7B-A81A-4479-8E82-FF539682A852}"
EndProject
Project("{FAE04EC0-301F-11D3-BF4B-00C04F79EFBC}") = "UmApi.Unit.Tests", "UserManagement\UmApi.Unit.Tests\UmApi.Unit.Tests.csproj", "{04F98441-86A8-47DE-A91D-38290D0FAFA0}"
EndProject
Project("{FAE04EC0-301F-11D3-BF4B-00C04F79EFBC}") = "UserManagement.Api", "UserManagement\UserManagement.Api\UserManagement.Api.csproj", "{C47246FE-E85F-4C09-85C9-1A1B98EDE4AA}"
EndProject
Project("{2150E333-8FDC-42A3-9474-1A3956D46DE8}") = "Presentation", "Presentation", "{ADC3DC8B-13A1-4EB7-AAFE-37CE95CC84FE}"
EndProject
Project("{2150E333-8FDC-42A3-9474-1A3956D46DE8}") = "Domain", "Domain", "{A7728004-43F0-4FB1-80FF-834122E36ADB}"
EndProject
Project("{2150E333-8FDC-42A3-9474-1A3956D46DE8}") = "Infrastructure", "Infrastructure", "{BA267FB8-CF01-4CF8-BAA9-6F746C237A7F}"
EndProject
Project("{FAE04EC0-301F-11D3-BF4B-00C04F79EFBC}") = "UserManagement.Domain", "UserManagement\UserManagement.Domain\UserManagement.Domain.csproj", "{8EDC89E0-1FD5-456B-8451-E01B02ADD3E5}"
EndProject
Project("{FAE04EC0-301F-11D3-BF4B-00C04F79EFBC}") = "UserManagement.Infrastructure", "UserManagement.Infrastructure\UserManagement.Infrastructure.csproj", "{9C48FF0A-FB6D-4905-A0A3-23965471C74D}"
EndProject
Global
	GlobalSection(SolutionConfigurationPlatforms) = preSolution
		Debug|Any CPU = Debug|Any CPU
		Release|Any CPU = Release|Any CPU
	EndGlobalSection
	GlobalSection(ProjectConfigurationPlatforms) = postSolution
		{AE74AB7B-A81A-4479-8E82-FF539682A852}.Debug|Any CPU.ActiveCfg = Debug|Any CPU
		{AE74AB7B-A81A-4479-8E82-FF539682A852}.Debug|Any CPU.Build.0 = Debug|Any CPU
		{AE74AB7B-A81A-4479-8E82-FF539682A852}.Release|Any CPU.ActiveCfg = Release|Any CPU
		{AE74AB7B-A81A-4479-8E82-FF539682A852}.Release|Any CPU.Build.0 = Release|Any CPU
		{04F98441-86A8-47DE-A91D-38290D0FAFA0}.Debug|Any CPU.ActiveCfg = Debug|Any CPU
		{04F98441-86A8-47DE-A91D-38290D0FAFA0}.Debug|Any CPU.Build.0 = Debug|Any CPU
		{04F98441-86A8-47DE-A91D-38290D0FAFA0}.Release|Any CPU.ActiveCfg = Release|Any CPU
		{04F98441-86A8-47DE-A91D-38290D0FAFA0}.Release|Any CPU.Build.0 = Release|Any CPU
		{C47246FE-E85F-4C09-85C9-1A1B98EDE4AA}.Debug|Any CPU.ActiveCfg = Debug|Any CPU
		{C47246FE-E85F-4C09-85C9-1A1B98EDE4AA}.Debug|Any CPU.Build.0 = Debug|Any CPU
		{C47246FE-E85F-4C09-85C9-1A1B98EDE4AA}.Release|Any CPU.ActiveCfg = Release|Any CPU
		{C47246FE-E85F-4C09-85C9-1A1B98EDE4AA}.Release|Any CPU.Build.0 = Release|Any CPU
		{8EDC89E0-1FD5-456B-8451-E01B02ADD3E5}.Debug|Any CPU.ActiveCfg = Debug|Any CPU
		{8EDC89E0-1FD5-456B-8451-E01B02ADD3E5}.Debug|Any CPU.Build.0 = Debug|Any CPU
		{8EDC89E0-1FD5-456B-8451-E01B02ADD3E5}.Release|Any CPU.ActiveCfg = Release|Any CPU
		{8EDC89E0-1FD5-456B-8451-E01B02ADD3E5}.Release|Any CPU.Build.0 = Release|Any CPU
		{9C48FF0A-FB6D-4905-A0A3-23965471C74D}.Debug|Any CPU.ActiveCfg = Debug|Any CPU
		{9C48FF0A-FB6D-4905-A0A3-23965471C74D}.Debug|Any CPU.Build.0 = Debug|Any CPU
		{9C48FF0A-FB6D-4905-A0A3-23965471C74D}.Release|Any CPU.ActiveCfg = Release|Any CPU
		{9C48FF0A-FB6D-4905-A0A3-23965471C74D}.Release|Any CPU.Build.0 = Release|Any CPU
	EndGlobalSection
	GlobalSection(SolutionProperties) = preSolution
		HideSolutionNode = FALSE
	EndGlobalSection
	GlobalSection(NestedProjects) = preSolution
		{04F98441-86A8-47DE-A91D-38290D0FAFA0} = {7B42DB83-4424-4E54-A616-068292873944}
		{C47246FE-E85F-4C09-85C9-1A1B98EDE4AA} = {ADC3DC8B-13A1-4EB7-AAFE-37CE95CC84FE}
		{8EDC89E0-1FD5-456B-8451-E01B02ADD3E5} = {A7728004-43F0-4FB1-80FF-834122E36ADB}
		{9C48FF0A-FB6D-4905-A0A3-23965471C74D} = {BA267FB8-CF01-4CF8-BAA9-6F746C237A7F}
	EndGlobalSection
EndGlobal
