
Microsoft Visual Studio Solution File, Format Version 12.00
# Visual Studio 2013
VisualStudioVersion = 12.0.40629.0
MinimumVisualStudioVersion = 10.0.40219.1
Project("{2150E333-8FDC-42A3-9474-1A3956D46DE8}") = ".tests", ".tests", "{7B42DB83-4424-4E54-A616-068292873944}"
EndProject
Project("{2150E333-8FDC-42A3-9474-1A3956D46DE8}") = "Presentation", "Presentation", "{ADC3DC8B-13A1-4EB7-AAFE-37CE95CC84FE}"
EndProject
Project("{2150E333-8FDC-42A3-9474-1A3956D46DE8}") = "Domain", "Domain", "{A7728004-43F0-4FB1-80FF-834122E36ADB}"
EndProject
Project("{2150E333-8FDC-42A3-9474-1A3956D46DE8}") = "Infrastructure", "Infrastructure", "{BA267FB8-CF01-4CF8-BAA9-6F746C237A7F}"
EndProject
Project("{FAE04EC0-301F-11D3-BF4B-00C04F79EFBC}") = "UserManagement.Domain", "UserManagement\UserManagement.Domain\UserManagement.Domain.csproj", "{8EDC89E0-1FD5-456B-8451-E01B02ADD3E5}"
EndProject
Project("{FAE04EC0-301F-11D3-BF4B-00C04F79EFBC}") = "UserManagement.Infrastructure", "UserManagement\UserManagement.Infrastructure\UserManagement.Infrastructure.csproj", "{9C48FF0A-FB6D-4905-A0A3-23965471C74D}"
EndProject
Project("{FAE04EC0-301F-11D3-BF4B-00C04F79EFBC}") = "UserManagement.Api", "UserManagement\UserManagement.Api\UserManagement.Api.csproj", "{ED638DD5-E755-4B7A-940D-5C94AB425686}"
EndProject
Project("{FAE04EC0-301F-11D3-BF4B-00C04F79EFBC}") = "UserManagement.Domain.Entities", "UserManagement\UserManagement.Domain.Entities\UserManagement.Domain.Entities.csproj", "{3CFF1FF6-1AAE-435A-9C81-BB0793979596}"
EndProject
Project("{FAE04EC0-301F-11D3-BF4B-00C04F79EFBC}") = "UserManagement.Domain.Core", "UserManagement\UserManagement.Domain.Core\UserManagement.Domain.Core.csproj", "{4CA5036F-E26D-4345-AB68-D670E948F50F}"
EndProject
Project("{2150E333-8FDC-42A3-9474-1A3956D46DE8}") = ".nuget", ".nuget", "{C20D08D8-6FD4-4EF0-A76D-E2D484C9A1EC}"
	ProjectSection(SolutionItems) = preProject
		.nuget\packages.config = .nuget\packages.config
	EndProjectSection
EndProject
Project("{FAE04EC0-301F-11D3-BF4B-00C04F79EFBC}") = "UserManagement.TestObjects", "UserManagement\UserManagement.TestObjects\UserManagement.TestObjects.csproj", "{0CB34D7D-4319-4585-91AE-1FC9CE2300FA}"
EndProject
Project("{FAE04EC0-301F-11D3-BF4B-00C04F79EFBC}") = "UserManagement.Domain.Dtos", "UserManagement\UserManagement.Domain.Dtos\UserManagement.Domain.Dtos.csproj", "{5DE944C7-90FF-4FD0-913E-44AEF7158562}"
EndProject
Project("{FAE04EC0-301F-11D3-BF4B-00C04F79EFBC}") = "UserManagement.TestHelper", "UserManagement\UserManagement.TestHelper\UserManagement.TestHelper.csproj", "{0199B050-C976-4A15-800C-284891A7BDD0}"
EndProject
Project("{FAE04EC0-301F-11D3-BF4B-00C04F79EFBC}") = "UserManagement.Domain.Enums", "UserManagement\UserManagement.Domain.Enums\UserManagement.Domain.Enums.csproj", "{900877B3-80BE-472F-AC73-4E88D3B90D53}"
EndProject
Project("{FAE04EC0-301F-11D3-BF4B-00C04F79EFBC}") = "UserManagement.Acceptance.Tests", "UserManagement.Acceptance.Tests\UserManagement.Acceptance.Tests.csproj", "{2EAC6561-C150-4C5A-AF74-55EF9F362A8D}"
EndProject
Project("{FAE04EC0-301F-11D3-BF4B-00C04F79EFBC}") = "UserManagement.Unit.Tests", "UserManagement.Unit.Tests\UserManagement.Unit.Tests.csproj", "{844DAE21-F83E-4980-85A1-E9A00BB7E121}"
EndProject
Project("{FAE04EC0-301F-11D3-BF4B-00C04F79EFBC}") = "UserManagement.Api.Routes", "UserManagement\UserManagement.Api.Routes\UserManagement.Api.Routes.csproj", "{3AF78E96-47C3-48E9-AD8E-BFF49D6B3F50}"
EndProject
Global
	GlobalSection(SolutionConfigurationPlatforms) = preSolution
		Debug|Any CPU = Debug|Any CPU
		Prod|Any CPU = Prod|Any CPU
		Release|Any CPU = Release|Any CPU
		TeamCity|Any CPU = TeamCity|Any CPU
		Test|Any CPU = Test|Any CPU
	EndGlobalSection
	GlobalSection(ProjectConfigurationPlatforms) = postSolution
		{8EDC89E0-1FD5-456B-8451-E01B02ADD3E5}.Debug|Any CPU.ActiveCfg = Debug|Any CPU
		{8EDC89E0-1FD5-456B-8451-E01B02ADD3E5}.Debug|Any CPU.Build.0 = Debug|Any CPU
		{8EDC89E0-1FD5-456B-8451-E01B02ADD3E5}.Prod|Any CPU.ActiveCfg = Release|Any CPU
		{8EDC89E0-1FD5-456B-8451-E01B02ADD3E5}.Prod|Any CPU.Build.0 = Release|Any CPU
		{8EDC89E0-1FD5-456B-8451-E01B02ADD3E5}.Release|Any CPU.ActiveCfg = Release|Any CPU
		{8EDC89E0-1FD5-456B-8451-E01B02ADD3E5}.Release|Any CPU.Build.0 = Release|Any CPU
		{8EDC89E0-1FD5-456B-8451-E01B02ADD3E5}.TeamCity|Any CPU.ActiveCfg = Release|Any CPU
		{8EDC89E0-1FD5-456B-8451-E01B02ADD3E5}.TeamCity|Any CPU.Build.0 = Release|Any CPU
		{8EDC89E0-1FD5-456B-8451-E01B02ADD3E5}.Test|Any CPU.ActiveCfg = Release|Any CPU
		{8EDC89E0-1FD5-456B-8451-E01B02ADD3E5}.Test|Any CPU.Build.0 = Release|Any CPU
		{9C48FF0A-FB6D-4905-A0A3-23965471C74D}.Debug|Any CPU.ActiveCfg = Debug|Any CPU
		{9C48FF0A-FB6D-4905-A0A3-23965471C74D}.Debug|Any CPU.Build.0 = Debug|Any CPU
		{9C48FF0A-FB6D-4905-A0A3-23965471C74D}.Prod|Any CPU.ActiveCfg = Release|Any CPU
		{9C48FF0A-FB6D-4905-A0A3-23965471C74D}.Prod|Any CPU.Build.0 = Release|Any CPU
		{9C48FF0A-FB6D-4905-A0A3-23965471C74D}.Release|Any CPU.ActiveCfg = Release|Any CPU
		{9C48FF0A-FB6D-4905-A0A3-23965471C74D}.Release|Any CPU.Build.0 = Release|Any CPU
		{9C48FF0A-FB6D-4905-A0A3-23965471C74D}.TeamCity|Any CPU.ActiveCfg = Release|Any CPU
		{9C48FF0A-FB6D-4905-A0A3-23965471C74D}.TeamCity|Any CPU.Build.0 = Release|Any CPU
		{9C48FF0A-FB6D-4905-A0A3-23965471C74D}.Test|Any CPU.ActiveCfg = Release|Any CPU
		{9C48FF0A-FB6D-4905-A0A3-23965471C74D}.Test|Any CPU.Build.0 = Release|Any CPU
		{ED638DD5-E755-4B7A-940D-5C94AB425686}.Debug|Any CPU.ActiveCfg = Debug|Any CPU
		{ED638DD5-E755-4B7A-940D-5C94AB425686}.Debug|Any CPU.Build.0 = Debug|Any CPU
		{ED638DD5-E755-4B7A-940D-5C94AB425686}.Prod|Any CPU.ActiveCfg = Prod|Any CPU
		{ED638DD5-E755-4B7A-940D-5C94AB425686}.Prod|Any CPU.Build.0 = Prod|Any CPU
		{ED638DD5-E755-4B7A-940D-5C94AB425686}.Release|Any CPU.ActiveCfg = Release|Any CPU
		{ED638DD5-E755-4B7A-940D-5C94AB425686}.Release|Any CPU.Build.0 = Release|Any CPU
		{ED638DD5-E755-4B7A-940D-5C94AB425686}.TeamCity|Any CPU.ActiveCfg = TeamCity|Any CPU
		{ED638DD5-E755-4B7A-940D-5C94AB425686}.TeamCity|Any CPU.Build.0 = TeamCity|Any CPU
		{ED638DD5-E755-4B7A-940D-5C94AB425686}.Test|Any CPU.ActiveCfg = Test|Any CPU
		{ED638DD5-E755-4B7A-940D-5C94AB425686}.Test|Any CPU.Build.0 = Test|Any CPU
		{3CFF1FF6-1AAE-435A-9C81-BB0793979596}.Debug|Any CPU.ActiveCfg = Debug|Any CPU
		{3CFF1FF6-1AAE-435A-9C81-BB0793979596}.Debug|Any CPU.Build.0 = Debug|Any CPU
		{3CFF1FF6-1AAE-435A-9C81-BB0793979596}.Prod|Any CPU.ActiveCfg = Release|Any CPU
		{3CFF1FF6-1AAE-435A-9C81-BB0793979596}.Prod|Any CPU.Build.0 = Release|Any CPU
		{3CFF1FF6-1AAE-435A-9C81-BB0793979596}.Release|Any CPU.ActiveCfg = Release|Any CPU
		{3CFF1FF6-1AAE-435A-9C81-BB0793979596}.Release|Any CPU.Build.0 = Release|Any CPU
		{3CFF1FF6-1AAE-435A-9C81-BB0793979596}.TeamCity|Any CPU.ActiveCfg = Release|Any CPU
		{3CFF1FF6-1AAE-435A-9C81-BB0793979596}.TeamCity|Any CPU.Build.0 = Release|Any CPU
		{3CFF1FF6-1AAE-435A-9C81-BB0793979596}.Test|Any CPU.ActiveCfg = Release|Any CPU
		{3CFF1FF6-1AAE-435A-9C81-BB0793979596}.Test|Any CPU.Build.0 = Release|Any CPU
		{4CA5036F-E26D-4345-AB68-D670E948F50F}.Debug|Any CPU.ActiveCfg = Debug|Any CPU
		{4CA5036F-E26D-4345-AB68-D670E948F50F}.Debug|Any CPU.Build.0 = Debug|Any CPU
		{4CA5036F-E26D-4345-AB68-D670E948F50F}.Prod|Any CPU.ActiveCfg = Release|Any CPU
		{4CA5036F-E26D-4345-AB68-D670E948F50F}.Prod|Any CPU.Build.0 = Release|Any CPU
		{4CA5036F-E26D-4345-AB68-D670E948F50F}.Release|Any CPU.ActiveCfg = Release|Any CPU
		{4CA5036F-E26D-4345-AB68-D670E948F50F}.Release|Any CPU.Build.0 = Release|Any CPU
		{4CA5036F-E26D-4345-AB68-D670E948F50F}.TeamCity|Any CPU.ActiveCfg = Release|Any CPU
		{4CA5036F-E26D-4345-AB68-D670E948F50F}.TeamCity|Any CPU.Build.0 = Release|Any CPU
		{4CA5036F-E26D-4345-AB68-D670E948F50F}.Test|Any CPU.ActiveCfg = Release|Any CPU
		{4CA5036F-E26D-4345-AB68-D670E948F50F}.Test|Any CPU.Build.0 = Release|Any CPU
		{0CB34D7D-4319-4585-91AE-1FC9CE2300FA}.Debug|Any CPU.ActiveCfg = Debug|Any CPU
		{0CB34D7D-4319-4585-91AE-1FC9CE2300FA}.Debug|Any CPU.Build.0 = Debug|Any CPU
		{0CB34D7D-4319-4585-91AE-1FC9CE2300FA}.Prod|Any CPU.ActiveCfg = Release|Any CPU
		{0CB34D7D-4319-4585-91AE-1FC9CE2300FA}.Prod|Any CPU.Build.0 = Release|Any CPU
		{0CB34D7D-4319-4585-91AE-1FC9CE2300FA}.Release|Any CPU.ActiveCfg = Release|Any CPU
		{0CB34D7D-4319-4585-91AE-1FC9CE2300FA}.Release|Any CPU.Build.0 = Release|Any CPU
		{0CB34D7D-4319-4585-91AE-1FC9CE2300FA}.TeamCity|Any CPU.ActiveCfg = Release|Any CPU
		{0CB34D7D-4319-4585-91AE-1FC9CE2300FA}.TeamCity|Any CPU.Build.0 = Release|Any CPU
		{0CB34D7D-4319-4585-91AE-1FC9CE2300FA}.Test|Any CPU.ActiveCfg = Release|Any CPU
		{0CB34D7D-4319-4585-91AE-1FC9CE2300FA}.Test|Any CPU.Build.0 = Release|Any CPU
		{5DE944C7-90FF-4FD0-913E-44AEF7158562}.Debug|Any CPU.ActiveCfg = Debug|Any CPU
		{5DE944C7-90FF-4FD0-913E-44AEF7158562}.Debug|Any CPU.Build.0 = Debug|Any CPU
		{5DE944C7-90FF-4FD0-913E-44AEF7158562}.Prod|Any CPU.ActiveCfg = Release|Any CPU
		{5DE944C7-90FF-4FD0-913E-44AEF7158562}.Prod|Any CPU.Build.0 = Release|Any CPU
		{5DE944C7-90FF-4FD0-913E-44AEF7158562}.Release|Any CPU.ActiveCfg = Release|Any CPU
		{5DE944C7-90FF-4FD0-913E-44AEF7158562}.Release|Any CPU.Build.0 = Release|Any CPU
		{5DE944C7-90FF-4FD0-913E-44AEF7158562}.TeamCity|Any CPU.ActiveCfg = Release|Any CPU
		{5DE944C7-90FF-4FD0-913E-44AEF7158562}.TeamCity|Any CPU.Build.0 = Release|Any CPU
		{5DE944C7-90FF-4FD0-913E-44AEF7158562}.Test|Any CPU.ActiveCfg = Release|Any CPU
		{5DE944C7-90FF-4FD0-913E-44AEF7158562}.Test|Any CPU.Build.0 = Release|Any CPU
		{0199B050-C976-4A15-800C-284891A7BDD0}.Debug|Any CPU.ActiveCfg = Debug|Any CPU
		{0199B050-C976-4A15-800C-284891A7BDD0}.Debug|Any CPU.Build.0 = Debug|Any CPU
		{0199B050-C976-4A15-800C-284891A7BDD0}.Prod|Any CPU.ActiveCfg = Release|Any CPU
		{0199B050-C976-4A15-800C-284891A7BDD0}.Prod|Any CPU.Build.0 = Release|Any CPU
		{0199B050-C976-4A15-800C-284891A7BDD0}.Release|Any CPU.ActiveCfg = Release|Any CPU
		{0199B050-C976-4A15-800C-284891A7BDD0}.Release|Any CPU.Build.0 = Release|Any CPU
		{0199B050-C976-4A15-800C-284891A7BDD0}.TeamCity|Any CPU.ActiveCfg = Release|Any CPU
		{0199B050-C976-4A15-800C-284891A7BDD0}.TeamCity|Any CPU.Build.0 = Release|Any CPU
		{0199B050-C976-4A15-800C-284891A7BDD0}.Test|Any CPU.ActiveCfg = Release|Any CPU
		{0199B050-C976-4A15-800C-284891A7BDD0}.Test|Any CPU.Build.0 = Release|Any CPU
		{900877B3-80BE-472F-AC73-4E88D3B90D53}.Debug|Any CPU.ActiveCfg = Debug|Any CPU
		{900877B3-80BE-472F-AC73-4E88D3B90D53}.Debug|Any CPU.Build.0 = Debug|Any CPU
		{900877B3-80BE-472F-AC73-4E88D3B90D53}.Prod|Any CPU.ActiveCfg = Release|Any CPU
		{900877B3-80BE-472F-AC73-4E88D3B90D53}.Prod|Any CPU.Build.0 = Release|Any CPU
		{900877B3-80BE-472F-AC73-4E88D3B90D53}.Release|Any CPU.ActiveCfg = Release|Any CPU
		{900877B3-80BE-472F-AC73-4E88D3B90D53}.Release|Any CPU.Build.0 = Release|Any CPU
		{900877B3-80BE-472F-AC73-4E88D3B90D53}.TeamCity|Any CPU.ActiveCfg = Release|Any CPU
		{900877B3-80BE-472F-AC73-4E88D3B90D53}.TeamCity|Any CPU.Build.0 = Release|Any CPU
		{900877B3-80BE-472F-AC73-4E88D3B90D53}.Test|Any CPU.ActiveCfg = Release|Any CPU
		{900877B3-80BE-472F-AC73-4E88D3B90D53}.Test|Any CPU.Build.0 = Release|Any CPU
		{2EAC6561-C150-4C5A-AF74-55EF9F362A8D}.Debug|Any CPU.ActiveCfg = Debug|Any CPU
		{2EAC6561-C150-4C5A-AF74-55EF9F362A8D}.Debug|Any CPU.Build.0 = Debug|Any CPU
		{2EAC6561-C150-4C5A-AF74-55EF9F362A8D}.Prod|Any CPU.ActiveCfg = Release|Any CPU
		{2EAC6561-C150-4C5A-AF74-55EF9F362A8D}.Prod|Any CPU.Build.0 = Release|Any CPU
		{2EAC6561-C150-4C5A-AF74-55EF9F362A8D}.Release|Any CPU.ActiveCfg = Release|Any CPU
		{2EAC6561-C150-4C5A-AF74-55EF9F362A8D}.Release|Any CPU.Build.0 = Release|Any CPU
		{2EAC6561-C150-4C5A-AF74-55EF9F362A8D}.TeamCity|Any CPU.ActiveCfg = Release|Any CPU
		{2EAC6561-C150-4C5A-AF74-55EF9F362A8D}.TeamCity|Any CPU.Build.0 = Release|Any CPU
		{2EAC6561-C150-4C5A-AF74-55EF9F362A8D}.Test|Any CPU.ActiveCfg = Release|Any CPU
		{2EAC6561-C150-4C5A-AF74-55EF9F362A8D}.Test|Any CPU.Build.0 = Release|Any CPU
		{844DAE21-F83E-4980-85A1-E9A00BB7E121}.Debug|Any CPU.ActiveCfg = Debug|Any CPU
		{844DAE21-F83E-4980-85A1-E9A00BB7E121}.Debug|Any CPU.Build.0 = Debug|Any CPU
		{844DAE21-F83E-4980-85A1-E9A00BB7E121}.Prod|Any CPU.ActiveCfg = Release|Any CPU
		{844DAE21-F83E-4980-85A1-E9A00BB7E121}.Prod|Any CPU.Build.0 = Release|Any CPU
		{844DAE21-F83E-4980-85A1-E9A00BB7E121}.Release|Any CPU.ActiveCfg = Release|Any CPU
		{844DAE21-F83E-4980-85A1-E9A00BB7E121}.Release|Any CPU.Build.0 = Release|Any CPU
		{844DAE21-F83E-4980-85A1-E9A00BB7E121}.TeamCity|Any CPU.ActiveCfg = Release|Any CPU
		{844DAE21-F83E-4980-85A1-E9A00BB7E121}.TeamCity|Any CPU.Build.0 = Release|Any CPU
		{844DAE21-F83E-4980-85A1-E9A00BB7E121}.Test|Any CPU.ActiveCfg = Release|Any CPU
		{844DAE21-F83E-4980-85A1-E9A00BB7E121}.Test|Any CPU.Build.0 = Release|Any CPU
		{3AF78E96-47C3-48E9-AD8E-BFF49D6B3F50}.Debug|Any CPU.ActiveCfg = Debug|Any CPU
		{3AF78E96-47C3-48E9-AD8E-BFF49D6B3F50}.Debug|Any CPU.Build.0 = Debug|Any CPU
		{3AF78E96-47C3-48E9-AD8E-BFF49D6B3F50}.Prod|Any CPU.ActiveCfg = Release|Any CPU
		{3AF78E96-47C3-48E9-AD8E-BFF49D6B3F50}.Prod|Any CPU.Build.0 = Release|Any CPU
		{3AF78E96-47C3-48E9-AD8E-BFF49D6B3F50}.Release|Any CPU.ActiveCfg = Release|Any CPU
		{3AF78E96-47C3-48E9-AD8E-BFF49D6B3F50}.Release|Any CPU.Build.0 = Release|Any CPU
		{3AF78E96-47C3-48E9-AD8E-BFF49D6B3F50}.TeamCity|Any CPU.ActiveCfg = Release|Any CPU
		{3AF78E96-47C3-48E9-AD8E-BFF49D6B3F50}.TeamCity|Any CPU.Build.0 = Release|Any CPU
		{3AF78E96-47C3-48E9-AD8E-BFF49D6B3F50}.Test|Any CPU.ActiveCfg = Release|Any CPU
		{3AF78E96-47C3-48E9-AD8E-BFF49D6B3F50}.Test|Any CPU.Build.0 = Release|Any CPU
	EndGlobalSection
	GlobalSection(SolutionProperties) = preSolution
		HideSolutionNode = FALSE
	EndGlobalSection
	GlobalSection(NestedProjects) = preSolution
		{8EDC89E0-1FD5-456B-8451-E01B02ADD3E5} = {A7728004-43F0-4FB1-80FF-834122E36ADB}
		{9C48FF0A-FB6D-4905-A0A3-23965471C74D} = {BA267FB8-CF01-4CF8-BAA9-6F746C237A7F}
		{ED638DD5-E755-4B7A-940D-5C94AB425686} = {ADC3DC8B-13A1-4EB7-AAFE-37CE95CC84FE}
		{3CFF1FF6-1AAE-435A-9C81-BB0793979596} = {A7728004-43F0-4FB1-80FF-834122E36ADB}
		{4CA5036F-E26D-4345-AB68-D670E948F50F} = {A7728004-43F0-4FB1-80FF-834122E36ADB}
		{0CB34D7D-4319-4585-91AE-1FC9CE2300FA} = {7B42DB83-4424-4E54-A616-068292873944}
		{5DE944C7-90FF-4FD0-913E-44AEF7158562} = {A7728004-43F0-4FB1-80FF-834122E36ADB}
		{0199B050-C976-4A15-800C-284891A7BDD0} = {7B42DB83-4424-4E54-A616-068292873944}
		{900877B3-80BE-472F-AC73-4E88D3B90D53} = {A7728004-43F0-4FB1-80FF-834122E36ADB}
		{2EAC6561-C150-4C5A-AF74-55EF9F362A8D} = {7B42DB83-4424-4E54-A616-068292873944}
		{844DAE21-F83E-4980-85A1-E9A00BB7E121} = {7B42DB83-4424-4E54-A616-068292873944}
		{3AF78E96-47C3-48E9-AD8E-BFF49D6B3F50} = {ADC3DC8B-13A1-4EB7-AAFE-37CE95CC84FE}
	EndGlobalSection
EndGlobal
