
Microsoft Visual Studio Solution File, Format Version 12.00
# Visual Studio 2013
VisualStudioVersion = 12.0.21005.1
MinimumVisualStudioVersion = 10.0.40219.1
Project("{FAE04EC0-301F-11D3-BF4B-00C04F79EFBC}") = "Workflow", "Workflow\Workflow\Workflow.csproj", "{2338D97A-0483-4335-9609-83D8C245FD4A}"
EndProject
Project("{2150E333-8FDC-42A3-9474-1A3956D46DE8}") = ".tests", ".tests", "{5A043540-C922-4FEF-84EB-2B10B183DED8}"
EndProject
Project("{FAE04EC0-301F-11D3-BF4B-00C04F79EFBC}") = "Workflow.BuildingBlocks.Tests", "Workflow\Workflow.BuildingBlocks.Tests\Workflow.BuildingBlocks.Tests.csproj", "{C238E6D6-8F57-476E-8C0C-01CAF44877CF}"
EndProject
Project("{FAE04EC0-301F-11D3-BF4B-00C04F79EFBC}") = "Workflow.RabbitMQ.Tests", "Workflow\Workflow.RabbitMQ.Tests\Workflow.RabbitMQ.Tests.csproj", "{01AD0AE7-BA8F-4B0D-A6A7-770AAD7512AF}"
EndProject
Project("{FAE04EC0-301F-11D3-BF4B-00C04F79EFBC}") = "Workflow.BuildingBlocks", "Workflow\Workflow.BuildingBlocks\Workflow.BuildingBlocks.csproj", "{DFC7DFC8-1C33-4061-90AF-51405D8E8793}"
EndProject
Project("{FAE04EC0-301F-11D3-BF4B-00C04F79EFBC}") = "Workflow.RabbitMQ", "Workflow\Workflow.RabbitMQ\Workflow.RabbitMQ.csproj", "{0EAAD289-F938-4986-B42C-A5B5A6A601AC}"
EndProject
Project("{FAE04EC0-301F-11D3-BF4B-00C04F79EFBC}") = "Workflow.Publisher", "Workflow\Workflow.Publisher\Workflow.Publisher.csproj", "{9AC06F18-FD95-49BA-82DB-4ABF18F3EDB6}"
EndProject
Project("{FAE04EC0-301F-11D3-BF4B-00C04F79EFBC}") = "Workflow.Bus", "Workflow\Workflow.Bus\Workflow.Bus.csproj", "{B82484DB-A31F-4F94-BFEF-7AA945463478}"
EndProject
Global
	GlobalSection(SolutionConfigurationPlatforms) = preSolution
		Debug|Any CPU = Debug|Any CPU
		Prod|Any CPU = Prod|Any CPU
		Release|Any CPU = Release|Any CPU
		TeamCity|Any CPU = TeamCity|Any CPU
		Test|Any CPU = Test|Any CPU
	EndGlobalSection
	GlobalSection(ProjectConfigurationPlatforms) = postSolution
		{2338D97A-0483-4335-9609-83D8C245FD4A}.Debug|Any CPU.ActiveCfg = Debug|Any CPU
		{2338D97A-0483-4335-9609-83D8C245FD4A}.Debug|Any CPU.Build.0 = Debug|Any CPU
		{2338D97A-0483-4335-9609-83D8C245FD4A}.Prod|Any CPU.ActiveCfg = Release|Any CPU
		{2338D97A-0483-4335-9609-83D8C245FD4A}.Prod|Any CPU.Build.0 = Release|Any CPU
		{2338D97A-0483-4335-9609-83D8C245FD4A}.Release|Any CPU.ActiveCfg = Release|Any CPU
		{2338D97A-0483-4335-9609-83D8C245FD4A}.Release|Any CPU.Build.0 = Release|Any CPU
		{2338D97A-0483-4335-9609-83D8C245FD4A}.TeamCity|Any CPU.ActiveCfg = Release|Any CPU
		{2338D97A-0483-4335-9609-83D8C245FD4A}.TeamCity|Any CPU.Build.0 = Release|Any CPU
		{2338D97A-0483-4335-9609-83D8C245FD4A}.Test|Any CPU.ActiveCfg = Release|Any CPU
		{2338D97A-0483-4335-9609-83D8C245FD4A}.Test|Any CPU.Build.0 = Release|Any CPU
		{C238E6D6-8F57-476E-8C0C-01CAF44877CF}.Debug|Any CPU.ActiveCfg = Debug|Any CPU
		{C238E6D6-8F57-476E-8C0C-01CAF44877CF}.Debug|Any CPU.Build.0 = Debug|Any CPU
		{C238E6D6-8F57-476E-8C0C-01CAF44877CF}.Prod|Any CPU.ActiveCfg = Release|Any CPU
		{C238E6D6-8F57-476E-8C0C-01CAF44877CF}.Prod|Any CPU.Build.0 = Release|Any CPU
		{C238E6D6-8F57-476E-8C0C-01CAF44877CF}.Release|Any CPU.ActiveCfg = Release|Any CPU
		{C238E6D6-8F57-476E-8C0C-01CAF44877CF}.Release|Any CPU.Build.0 = Release|Any CPU
		{C238E6D6-8F57-476E-8C0C-01CAF44877CF}.TeamCity|Any CPU.ActiveCfg = Release|Any CPU
		{C238E6D6-8F57-476E-8C0C-01CAF44877CF}.TeamCity|Any CPU.Build.0 = Release|Any CPU
		{C238E6D6-8F57-476E-8C0C-01CAF44877CF}.Test|Any CPU.ActiveCfg = Release|Any CPU
		{C238E6D6-8F57-476E-8C0C-01CAF44877CF}.Test|Any CPU.Build.0 = Release|Any CPU
		{01AD0AE7-BA8F-4B0D-A6A7-770AAD7512AF}.Debug|Any CPU.ActiveCfg = Debug|Any CPU
		{01AD0AE7-BA8F-4B0D-A6A7-770AAD7512AF}.Debug|Any CPU.Build.0 = Debug|Any CPU
		{01AD0AE7-BA8F-4B0D-A6A7-770AAD7512AF}.Prod|Any CPU.ActiveCfg = Release|Any CPU
		{01AD0AE7-BA8F-4B0D-A6A7-770AAD7512AF}.Prod|Any CPU.Build.0 = Release|Any CPU
		{01AD0AE7-BA8F-4B0D-A6A7-770AAD7512AF}.Release|Any CPU.ActiveCfg = Release|Any CPU
		{01AD0AE7-BA8F-4B0D-A6A7-770AAD7512AF}.Release|Any CPU.Build.0 = Release|Any CPU
		{01AD0AE7-BA8F-4B0D-A6A7-770AAD7512AF}.TeamCity|Any CPU.ActiveCfg = Release|Any CPU
		{01AD0AE7-BA8F-4B0D-A6A7-770AAD7512AF}.TeamCity|Any CPU.Build.0 = Release|Any CPU
		{01AD0AE7-BA8F-4B0D-A6A7-770AAD7512AF}.Test|Any CPU.ActiveCfg = Release|Any CPU
		{01AD0AE7-BA8F-4B0D-A6A7-770AAD7512AF}.Test|Any CPU.Build.0 = Release|Any CPU
		{DFC7DFC8-1C33-4061-90AF-51405D8E8793}.Debug|Any CPU.ActiveCfg = Debug|Any CPU
		{DFC7DFC8-1C33-4061-90AF-51405D8E8793}.Debug|Any CPU.Build.0 = Debug|Any CPU
		{DFC7DFC8-1C33-4061-90AF-51405D8E8793}.Prod|Any CPU.ActiveCfg = Release|Any CPU
		{DFC7DFC8-1C33-4061-90AF-51405D8E8793}.Prod|Any CPU.Build.0 = Release|Any CPU
		{DFC7DFC8-1C33-4061-90AF-51405D8E8793}.Release|Any CPU.ActiveCfg = Release|Any CPU
		{DFC7DFC8-1C33-4061-90AF-51405D8E8793}.Release|Any CPU.Build.0 = Release|Any CPU
		{DFC7DFC8-1C33-4061-90AF-51405D8E8793}.TeamCity|Any CPU.ActiveCfg = Release|Any CPU
		{DFC7DFC8-1C33-4061-90AF-51405D8E8793}.TeamCity|Any CPU.Build.0 = Release|Any CPU
		{DFC7DFC8-1C33-4061-90AF-51405D8E8793}.Test|Any CPU.ActiveCfg = Release|Any CPU
		{DFC7DFC8-1C33-4061-90AF-51405D8E8793}.Test|Any CPU.Build.0 = Release|Any CPU
		{0EAAD289-F938-4986-B42C-A5B5A6A601AC}.Debug|Any CPU.ActiveCfg = Debug|Any CPU
		{0EAAD289-F938-4986-B42C-A5B5A6A601AC}.Debug|Any CPU.Build.0 = Debug|Any CPU
		{0EAAD289-F938-4986-B42C-A5B5A6A601AC}.Prod|Any CPU.ActiveCfg = Release|Any CPU
		{0EAAD289-F938-4986-B42C-A5B5A6A601AC}.Prod|Any CPU.Build.0 = Release|Any CPU
		{0EAAD289-F938-4986-B42C-A5B5A6A601AC}.Release|Any CPU.ActiveCfg = Release|Any CPU
		{0EAAD289-F938-4986-B42C-A5B5A6A601AC}.Release|Any CPU.Build.0 = Release|Any CPU
		{0EAAD289-F938-4986-B42C-A5B5A6A601AC}.TeamCity|Any CPU.ActiveCfg = Release|Any CPU
		{0EAAD289-F938-4986-B42C-A5B5A6A601AC}.TeamCity|Any CPU.Build.0 = Release|Any CPU
		{0EAAD289-F938-4986-B42C-A5B5A6A601AC}.Test|Any CPU.ActiveCfg = Release|Any CPU
		{0EAAD289-F938-4986-B42C-A5B5A6A601AC}.Test|Any CPU.Build.0 = Release|Any CPU
		{9AC06F18-FD95-49BA-82DB-4ABF18F3EDB6}.Debug|Any CPU.ActiveCfg = Debug|Any CPU
		{9AC06F18-FD95-49BA-82DB-4ABF18F3EDB6}.Debug|Any CPU.Build.0 = Debug|Any CPU
		{9AC06F18-FD95-49BA-82DB-4ABF18F3EDB6}.Prod|Any CPU.ActiveCfg = Release|Any CPU
		{9AC06F18-FD95-49BA-82DB-4ABF18F3EDB6}.Prod|Any CPU.Build.0 = Release|Any CPU
		{9AC06F18-FD95-49BA-82DB-4ABF18F3EDB6}.Release|Any CPU.ActiveCfg = Release|Any CPU
		{9AC06F18-FD95-49BA-82DB-4ABF18F3EDB6}.Release|Any CPU.Build.0 = Release|Any CPU
		{9AC06F18-FD95-49BA-82DB-4ABF18F3EDB6}.TeamCity|Any CPU.ActiveCfg = Release|Any CPU
		{9AC06F18-FD95-49BA-82DB-4ABF18F3EDB6}.TeamCity|Any CPU.Build.0 = Release|Any CPU
		{9AC06F18-FD95-49BA-82DB-4ABF18F3EDB6}.Test|Any CPU.ActiveCfg = Release|Any CPU
		{9AC06F18-FD95-49BA-82DB-4ABF18F3EDB6}.Test|Any CPU.Build.0 = Release|Any CPU
		{B82484DB-A31F-4F94-BFEF-7AA945463478}.Debug|Any CPU.ActiveCfg = Debug|Any CPU
		{B82484DB-A31F-4F94-BFEF-7AA945463478}.Debug|Any CPU.Build.0 = Debug|Any CPU
		{B82484DB-A31F-4F94-BFEF-7AA945463478}.Prod|Any CPU.ActiveCfg = Release|Any CPU
		{B82484DB-A31F-4F94-BFEF-7AA945463478}.Prod|Any CPU.Build.0 = Release|Any CPU
		{B82484DB-A31F-4F94-BFEF-7AA945463478}.Release|Any CPU.ActiveCfg = Release|Any CPU
		{B82484DB-A31F-4F94-BFEF-7AA945463478}.Release|Any CPU.Build.0 = Release|Any CPU
		{B82484DB-A31F-4F94-BFEF-7AA945463478}.TeamCity|Any CPU.ActiveCfg = Release|Any CPU
		{B82484DB-A31F-4F94-BFEF-7AA945463478}.TeamCity|Any CPU.Build.0 = Release|Any CPU
		{B82484DB-A31F-4F94-BFEF-7AA945463478}.Test|Any CPU.ActiveCfg = Release|Any CPU
		{B82484DB-A31F-4F94-BFEF-7AA945463478}.Test|Any CPU.Build.0 = Release|Any CPU
	EndGlobalSection
	GlobalSection(SolutionProperties) = preSolution
		HideSolutionNode = FALSE
	EndGlobalSection
	GlobalSection(NestedProjects) = preSolution
		{C238E6D6-8F57-476E-8C0C-01CAF44877CF} = {5A043540-C922-4FEF-84EB-2B10B183DED8}
		{01AD0AE7-BA8F-4B0D-A6A7-770AAD7512AF} = {5A043540-C922-4FEF-84EB-2B10B183DED8}
	EndGlobalSection
EndGlobal
